[[package]]
name = "boto3"
version = "1.14.36"
description = "The AWS SDK for Python"
category = "main"
optional = true
python-versions = "*"

[package.dependencies]
botocore = ">=1.17.36,<1.18.0"
jmespath = ">=0.7.1,<1.0.0"
s3transfer = ">=0.3.0,<0.4.0"

[[package]]
name = "botocore"
version = "1.17.36"
description = "Low-level, data-driven core of boto 3."
category = "main"
optional = true
python-versions = "*"

[package.dependencies]
docutils = ">=0.10,<0.16"
jmespath = ">=0.7.1,<1.0.0"
python-dateutil = ">=2.1,<3.0.0"

[package.dependencies.urllib3]
version = ">=1.20,<1.26"
python = "<3.4.0 || >=3.5.0"

[[package]]
name = "docutils"
version = "0.15.2"
description = "Docutils -- Python Documentation Utilities"
category = "main"
optional = true
python-versions = ">=2.6, !=3.0.*, !=3.1.*, !=3.2.*"

[[package]]
name = "etcd3"
version = "0.12.0"
description = "Python client for the etcd3 API"
category = "main"
optional = true
python-versions = "*"

[package.dependencies]
grpcio = ">=1.27.1"
protobuf = ">=3.6.1"
six = ">=1.12.0"
tenacity = ">=6.1.0"

[[package]]
name = "grpcio"
version = "1.31.0"
description = "HTTP/2-based RPC framework"
category = "main"
optional = true
python-versions = "*"

[package.extras]
protobuf = ["grpcio-tools (>=1.31.0)"]

[package.dependencies]
six = ">=1.5.2"

[[package]]
name = "jmespath"
version = "0.10.0"
description = "JSON Matching Expressions"
category = "main"
optional = true
python-versions = ">=2.6, !=3.0.*, !=3.1.*, !=3.2.*"

[[package]]
name = "mysql-connector-python"
version = "8.0.21"
description = "MySQL driver written in Python"
category = "main"
optional = true
python-versions = "*"

[package.extras]
compression = ["lz4 (>=2.1.6)"]
dns-srv = ["dnspython (>=1.16.0)"]

[package.dependencies]
protobuf = ">=3.0.0"

[[package]]
name = "protobuf"
version = "3.12.4"
description = "Protocol Buffers"
category = "main"
optional = true
python-versions = "*"

[package.dependencies]
setuptools = "*"
six = ">=1.9"

[[package]]
name = "psycopg2"
version = "2.8.5"
description = "psycopg2 - Python-PostgreSQL Database Adapter"
category = "main"
optional = true
python-versions = ">=2.7,!=3.0.*,!=3.1.*,!=3.2.*,!=3.3.*"

[[package]]
name = "python-dateutil"
version = "2.8.1"
description = "Extensions to the standard Python datetime module"
category = "main"
optional = true
python-versions = "!=3.0.*,!=3.1.*,!=3.2.*,>=2.7"

[package.dependencies]
six = ">=1.5"

[[package]]
name = "redis"
version = "3.5.3"
description = "Python client for Redis key-value store"
category = "main"
optional = true
python-versions = ">=2.7, !=3.0.*, !=3.1.*, !=3.2.*, !=3.3.*, !=3.4.*"

[package.extras]
hiredis = ["hiredis (>=0.1.3)"]

[[package]]
name = "s3transfer"
version = "0.3.3"
description = "An Amazon S3 Transfer Manager"
category = "main"
optional = true
python-versions = "*"

[package.dependencies]
botocore = ">=1.12.36,<2.0a.0"

[[package]]
name = "six"
version = "1.15.0"
description = "Python 2 and 3 compatibility utilities"
category = "main"
optional = true
python-versions = ">=2.7, !=3.0.*, !=3.1.*, !=3.2.*"

[[package]]
name = "tenacity"
version = "6.2.0"
description = "Retry code until it succeeds"
category = "main"
optional = true
python-versions = "*"

[package.extras]
doc = ["reno", "sphinx", "tornado (>=4.5)"]

[package.dependencies]
six = ">=1.9.0"

[[package]]
name = "urllib3"
version = "1.25.10"
description = "HTTP library with thread-safe connection pooling, file post, and more."
category = "main"
optional = true
python-versions = ">=2.7, !=3.0.*, !=3.1.*, !=3.2.*, !=3.3.*, !=3.4.*, <4"
marker = "python_version != \"3.4\""

[package.extras]
brotli = ["brotlipy (>=0.6.0)"]
secure = ["certifi", "cryptography (>=1.3.4)", "idna (>=2.0.0)", "pyOpenSSL (>=0.14)", "ipaddress"]
socks = ["PySocks (>=1.5.6,<1.5.7 || >1.5.7,<2.0)"]

[extras]
etcd = ["etcd3"]
redis = ["redis"]
dynamodb = ["boto3"]
postgresql = ["psycopg2"]
mysql = ["mysql-connector-python"]

[metadata]
lock-version = "1.0"
python-versions = "^3.8"
content-hash = "9bbfa327a93af6aa44fd348bae69713e2cea7fccc7f6eb674c930e79bfe21fe0"

[metadata.files]
boto3 = [
    {file = "boto3-1.14.36-py2.py3-none-any.whl", hash = "sha256:84fec841e07c854177ed264283cf52e3e4ac06c37d4e2b371369a93881f869b7"},
    {file = "boto3-1.14.36.tar.gz", hash = "sha256:ad9156f1c76ece440a4fc60116b13bd627aa8ae5ed7b7d0b0380e3021bf54bda"},
]
botocore = [
    {file = "botocore-1.17.36-py2.py3-none-any.whl", hash = "sha256:7740b12a9a32e78ee32c31dd6882e70c7469259cddf7b2c1f41eabf7eacece6b"},
    {file = "botocore-1.17.36.tar.gz", hash = "sha256:1132a09abb84018081e9ad74bf7aba3cc8f776c576db7ec52bf72dee40a7a962"},
]
docutils = [
    {file = "docutils-0.15.2-py2-none-any.whl", hash = "sha256:9e4d7ecfc600058e07ba661411a2b7de2fd0fafa17d1a7f7361cd47b1175c827"},
    {file = "docutils-0.15.2-py3-none-any.whl", hash = "sha256:6c4f696463b79f1fb8ba0c594b63840ebd41f059e92b31957c46b74a4599b6d0"},
    {file = "docutils-0.15.2.tar.gz", hash = "sha256:a2aeea129088da402665e92e0b25b04b073c04b2dce4ab65caaa38b7ce2e1a99"},
]
etcd3 = [
    {file = "etcd3-0.12.0.tar.gz", hash = "sha256:89a704cb389bf0a010a1fa050ce19342d23bf6371ebda1c21cfe8ff3ed488726"},
]
grpcio = [
    {file = "grpcio-1.31.0-cp27-cp27m-macosx_10_9_x86_64.whl", hash = "sha256:e8c3264b0fd728aadf3f0324471843f65bd3b38872bdab2a477e31ffb685dd5b"},
    {file = "grpcio-1.31.0-cp27-cp27m-manylinux2010_i686.whl", hash = "sha256:5fb0923b16590bac338e92d98c7d8effb3cfad1d2e18c71bf86bde32c49cd6dd"},
    {file = "grpcio-1.31.0-cp27-cp27m-manylinux2010_x86_64.whl", hash = "sha256:58d7121f48cb94535a4cedcce32921d0d0a78563c7372a143dedeec196d1c637"},
    {file = "grpcio-1.31.0-cp27-cp27m-win32.whl", hash = "sha256:ea849210e7362559f326cbe603d5b8d8bb1e556e86a7393b5a8847057de5b084"},
    {file = "grpcio-1.31.0-cp27-cp27m-win_amd64.whl", hash = "sha256:ba3e43cb984399064ffaa3c0997576e46a1e268f9da05f97cd9b272f0b59ee71"},
    {file = "grpcio-1.31.0-cp27-cp27mu-linux_armv7l.whl", hash = "sha256:ebb2ca09fa17537e35508a29dcb05575d4d9401138a68e83d1c605d65e8a1770"},
    {file = "grpcio-1.31.0-cp27-cp27mu-manylinux2010_i686.whl", hash = "sha256:292635f05b6ce33f87116951d0b3d8d330bdfc5cac74f739370d60981e8c256c"},
    {file = "grpcio-1.31.0-cp27-cp27mu-manylinux2010_x86_64.whl", hash = "sha256:92e54ab65e782f227e751c7555918afaba8d1229601687e89b80c2b65d2f6642"},
    {file = "grpcio-1.31.0-cp35-cp35m-linux_armv7l.whl", hash = "sha256:013287f99c99b201aa8a5f6bc7918f616739b9be031db132d9e3b8453e95e151"},
    {file = "grpcio-1.31.0-cp35-cp35m-macosx_10_7_intel.whl", hash = "sha256:d2c5e05c257859febd03f5d81b5015e1946d6bcf475c7bf63ee99cea8ab0d590"},
    {file = "grpcio-1.31.0-cp35-cp35m-manylinux2010_i686.whl", hash = "sha256:c9016ab1eaf4e054099303287195f3746bd4e69f2631d040f9dca43e910a5408"},
    {file = "grpcio-1.31.0-cp35-cp35m-manylinux2010_x86_64.whl", hash = "sha256:baaa036540d7ace433bdf38a3fe5e41cf9f84cdf10a88bac805f678a7ca8ddcc"},
    {file = "grpcio-1.31.0-cp35-cp35m-manylinux2014_i686.whl", hash = "sha256:75e383053dccb610590aa53eed5278db5c09bf498d3b5105ce6c776478f59352"},
    {file = "grpcio-1.31.0-cp35-cp35m-manylinux2014_x86_64.whl", hash = "sha256:739a72abffbd36083ff7adbb862cf1afc1e311c35834bed9c0361d8e68b063e1"},
    {file = "grpcio-1.31.0-cp35-cp35m-win32.whl", hash = "sha256:f04c59d186af3157dc8811114130aaeae92e90a65283733f41de94eed484e1f7"},
    {file = "grpcio-1.31.0-cp35-cp35m-win_amd64.whl", hash = "sha256:ef9fce98b6fe03874c2a6576b02aec1a0df25742cd67d1d7b75a49e30aa74225"},
    {file = "grpcio-1.31.0-cp36-cp36m-linux_armv7l.whl", hash = "sha256:08a9b648dbe8852ff94b73a1c96da126834c3057ba2301d13e8c4adff334c482"},
    {file = "grpcio-1.31.0-cp36-cp36m-macosx_10_9_x86_64.whl", hash = "sha256:c22b19abba63562a5a200e586b5bde39d26c8ec30c92e26d209d81182371693b"},
    {file = "grpcio-1.31.0-cp36-cp36m-manylinux2010_i686.whl", hash = "sha256:0397616355760cd8282ed5ea34d51830ae4cb6613b7e5f66bed3be5d041b8b9a"},
    {file = "grpcio-1.31.0-cp36-cp36m-manylinux2010_x86_64.whl", hash = "sha256:259240aab2603891553e17ad5b2655693df79e02a9b887ff605bdeb2fcd3dcc9"},
    {file = "grpcio-1.31.0-cp36-cp36m-manylinux2014_i686.whl", hash = "sha256:8ca26b489b5dc1e3d31807d329c23d6cb06fe40fbae25b0649b718947936e26a"},
    {file = "grpcio-1.31.0-cp36-cp36m-manylinux2014_x86_64.whl", hash = "sha256:bf39977282a79dc1b2765cc3402c0ada571c29a491caec6ed12c0993c1ec115e"},
    {file = "grpcio-1.31.0-cp36-cp36m-win32.whl", hash = "sha256:f5b0870b733bcb7b6bf05a02035e7aaf20f599d3802b390282d4c2309f825f1d"},
    {file = "grpcio-1.31.0-cp36-cp36m-win_amd64.whl", hash = "sha256:074871a184483d5cd0746fd01e7d214d3ee9d36e67e32a5786b0a21f29fb8304"},
    {file = "grpcio-1.31.0-cp37-cp37m-macosx_10_9_x86_64.whl", hash = "sha256:220c46b1fc9c9a6fcca4caac398f08f0ed43cdd63c45b7458983c4a1575ef6df"},
    {file = "grpcio-1.31.0-cp37-cp37m-manylinux2010_i686.whl", hash = "sha256:7a11b1ebb3210f34913b8be6995936bf9ebc541a65ab69e75db5ce1fe5047e8f"},
    {file = "grpcio-1.31.0-cp37-cp37m-manylinux2010_x86_64.whl", hash = "sha256:3c2aa6d7a5e5bf73fdb1715eee777efe06dd39df03383f1cc095b2fdb34883e6"},
    {file = "grpcio-1.31.0-cp37-cp37m-manylinux2014_i686.whl", hash = "sha256:e64bddd09842ef508d72ca354319b0eb126205d951e8ac3128fe9869bd563552"},
    {file = "grpcio-1.31.0-cp37-cp37m-manylinux2014_x86_64.whl", hash = "sha256:5d7faa89992e015d245750ca9ac916c161bbf72777b2c60abc61da3fae41339e"},
    {file = "grpcio-1.31.0-cp37-cp37m-win32.whl", hash = "sha256:43d44548ad6ee738b941abd9f09e3b83a5c13f3e1410321023c3c148ba50e796"},
    {file = "grpcio-1.31.0-cp37-cp37m-win_amd64.whl", hash = "sha256:bf00ab06ea4f89976288f4d6224d4aa120780e30c955d4f85c3214ada29b3ddf"},
    {file = "grpcio-1.31.0-cp38-cp38-macosx_10_9_x86_64.whl", hash = "sha256:344b50865914cc8e6d023457bffee9a640abb18f75d0f2bb519041961c748da9"},
    {file = "grpcio-1.31.0-cp38-cp38-manylinux2010_i686.whl", hash = "sha256:63ee8e02d04272c3d103f44b4bce5d43ea757dd288673cea212d2f7da27967d2"},
    {file = "grpcio-1.31.0-cp38-cp38-manylinux2010_x86_64.whl", hash = "sha256:a9a7ae74cb3108e6457cf15532d4c300324b48fbcf3ef290bcd2835745f20510"},
    {file = "grpcio-1.31.0-cp38-cp38-manylinux2014_i686.whl", hash = "sha256:64077e3a9a7cf2f59e6c76d503c8de1f18a76428f41a5b000dc53c48a0b772ff"},
    {file = "grpcio-1.31.0-cp38-cp38-manylinux2014_x86_64.whl", hash = "sha256:8b42f0ac76be07a5fa31117a3388d754ad35ef05e2e34be185ca9ccbcfac2069"},
    {file = "grpcio-1.31.0-cp38-cp38-win32.whl", hash = "sha256:8002a89ea91c0078c15d3c0daf423fd4968946be78f08545e807ea9a5ff8054a"},
    {file = "grpcio-1.31.0-cp38-cp38-win_amd64.whl", hash = "sha256:0fa86ac4452602c79774783aa68979a1a7625ebb7eaabee2b6550b975b9d61e6"},
    {file = "grpcio-1.31.0.tar.gz", hash = "sha256:5043440c45c0a031f387e7f48527541c65d672005fb24cf18ef6857483557d39"},
]
jmespath = [
    {file = "jmespath-0.10.0-py2.py3-none-any.whl", hash = "sha256:cdf6525904cc597730141d61b36f2e4b8ecc257c420fa2f4549bac2c2d0cb72f"},
    {file = "jmespath-0.10.0.tar.gz", hash = "sha256:b85d0567b8666149a93172712e68920734333c0ce7e89b78b3e987f71e5ed4f9"},
]
mysql-connector-python = [
    {file = "mysql-connector-python-8.0.21.tar.gz", hash = "sha256:0eecec5ab1a4ba03741bee5ec3cb02a8647470ba4a5c50a14c49425db2ec3590"},
    {file = "mysql_connector_python-8.0.21-cp27-cp27m-macosx_10_14_x86_64.whl", hash = "sha256:86cfa8f05856db41394590b6d4d34d11e98f3550e7ef2a7add27a1a18c590968"},
    {file = "mysql_connector_python-8.0.21-cp27-cp27m-manylinux1_i686.whl", hash = "sha256:cb8818260a5731b0617c1da6960dc947e06d408ddd7ff387e102403c9b7ed90e"},
    {file = "mysql_connector_python-8.0.21-cp27-cp27m-manylinux1_x86_64.whl", hash = "sha256:7eef083bc90469d97b2f9ee1ec9a06c8332590bda80c7a6023c97678a19bc0ea"},
    {file = "mysql_connector_python-8.0.21-cp27-cp27mu-manylinux1_i686.whl", hash = "sha256:83b8ca88bb99445cef7c0dca9c0e470c15fd72365a261dafa1da6f885bfb14fe"},
    {file = "mysql_connector_python-8.0.21-cp27-cp27mu-manylinux1_x86_64.whl", hash = "sha256:00403ae0099248cba6076eb5454c8012c33fc011164fcaccd68b78c9298e3574"},
    {file = "mysql_connector_python-8.0.21-cp35-cp35m-macosx_10_14_x86_64.whl", hash = "sha256:a6502199133fcefeb04ac91638a07b326ea3e7d8b8216da11eb2e763836eeee8"},
    {file = "mysql_connector_python-8.0.21-cp35-cp35m-manylinux1_i686.whl", hash = "sha256:322883e4850fa0064c9a60fcc11a8697cd691d9fa1b7e0a2c1b9eb673be1006a"},
    {file = "mysql_connector_python-8.0.21-cp35-cp35m-manylinux1_x86_64.whl", hash = "sha256:689245f055b81cfd5e2f19726e2ca7226022f685c5ec828a37e6c66d5a000281"},
    {file = "mysql_connector_python-8.0.21-cp35-cp35m-win_amd64.whl", hash = "sha256:1ac799506b4fe5d44d31861c75299478125d855cbdc073de23a67bf3f468f265"},
    {file = "mysql_connector_python-8.0.21-cp36-cp36m-macosx_10_14_x86_64.whl", hash = "sha256:ecfa762cff5d3f7373494f74574df62fdd30f051e18bfe45bfa3d9713de5c759"},
    {file = "mysql_connector_python-8.0.21-cp36-cp36m-manylinux1_i686.whl", hash = "sha256:6e037712775209f2951da4be5be02720f18b7943b8a6f9a2a810e168c001af38"},
    {file = "mysql_connector_python-8.0.21-cp36-cp36m-manylinux1_x86_64.whl", hash = "sha256:ebd5df00417a1047a19e02643bbe1c7735a870384e1f21d96c97d98045925890"},
    {file = "mysql_connector_python-8.0.21-cp36-cp36m-win_amd64.whl", hash = "sha256:14275f55706e225be0f0044f15fb9a9146c3015d81e12292dbfe8c830de4ee55"},
    {file = "mysql_connector_python-8.0.21-cp37-cp37m-macosx_10_14_x86_64.whl", hash = "sha256:6a2f237ced3468a37abe240a787717271bf576413a9fb36ef6f049e39f3a5b29"},
    {file = "mysql_connector_python-8.0.21-cp37-cp37m-manylinux1_i686.whl", hash = "sha256:07f6dea4b48b6afdbc952431a76c5e6fc1fa02d57e324670d5c4d73c54a981ff"},
    {file = "mysql_connector_python-8.0.21-cp37-cp37m-manylinux1_x86_64.whl", hash = "sha256:7a2294bc4b49b15fb0381cf4718ebe002d4c01d15bfc3f7a37cc2e03260611a6"},
    {file = "mysql_connector_python-8.0.21-cp37-cp37m-win_amd64.whl", hash = "sha256:995661221a686676920f6e2b34dd7ac77992449ae860677dfab7e95bce87deec"},
    {file = "mysql_connector_python-8.0.21-cp38-cp38-macosx_10_14_x86_64.whl", hash = "sha256:a1cbd47a2ffa919f69df34e52d090ee97442ef9bb0e0ae56045bbf72f14be26e"},
    {file = "mysql_connector_python-8.0.21-cp38-cp38-manylinux1_i686.whl", hash = "sha256:e10975b4adfedd269b30cd5dc3a6bd683b4f53345b7e97e35b7a7281b9062547"},
    {file = "mysql_connector_python-8.0.21-cp38-cp38-manylinux1_x86_64.whl", hash = "sha256:e9e0054fb273301a369065b30077f51966630388ac21c370e941215b479772f3"},
    {file = "mysql_connector_python-8.0.21-cp38-cp38m-win_amd64.whl", hash = "sha256:2a467b290c2256277fbe4ddf1630a75f21d2a887b4c7bfe9c4afde86dae49848"},
    {file = "mysql_connector_python-8.0.21-py2.py3-none-any.whl", hash = "sha256:97950141f4d902d5ba8590c2be8da481654b07eca1da74c6b5d0b43849fd7e33"},
]
protobuf = [
    {file = "protobuf-3.12.4-cp27-cp27m-macosx_10_9_x86_64.whl", hash = "sha256:3d59825cba9447e8f4fcacc1f3c892cafd28b964e152629b3f420a2fb5918b5a"},
    {file = "protobuf-3.12.4-cp27-cp27mu-manylinux1_x86_64.whl", hash = "sha256:6009f3ebe761fad319b52199a49f1efa7a3729302947a78a3f5ea8e7e89e3ac2"},
    {file = "protobuf-3.12.4-cp35-cp35m-macosx_10_9_intel.whl", hash = "sha256:e2bd5c98952db3f1bb1af2e81b6a208909d3b8a2d32f7525c5cc10a6338b6593"},
    {file = "protobuf-3.12.4-cp35-cp35m-manylinux1_x86_64.whl", hash = "sha256:2becd0e238ae34caf96fa7365b87f65b88aebcf7864dfe5ab461c5005f4256d9"},
    {file = "protobuf-3.12.4-cp35-cp35m-win32.whl", hash = "sha256:ef991cbe34d7bb935ba6349406a210d3558b9379c21621c6ed7b99112af7350e"},
    {file = "protobuf-3.12.4-cp35-cp35m-win_amd64.whl", hash = "sha256:a7b6cf201e67132ca99b8a6c4812fab541fdce1ceb54bb6f66bc336ab7259138"},
    {file = "protobuf-3.12.4-cp36-cp36m-macosx_10_9_x86_64.whl", hash = "sha256:4794a7748ee645d2ae305f3f4f0abd459e789c973b5bc338008960f83e0c554b"},
    {file = "protobuf-3.12.4-cp36-cp36m-manylinux1_x86_64.whl", hash = "sha256:f1796e0eb911bf5b08e76b753953effbeb6bc42c95c16597177f627eaa52c375"},
    {file = "protobuf-3.12.4-cp36-cp36m-win32.whl", hash = "sha256:c0c8d7c8f07eacd9e98a907941b56e57883cf83de069cfaeaa7e02c582f72ddb"},
    {file = "protobuf-3.12.4-cp36-cp36m-win_amd64.whl", hash = "sha256:2db6940c1914fa3fbfabc0e7c8193d9e18b01dbb4650acac249b113be3ba8d9e"},
    {file = "protobuf-3.12.4-cp37-cp37m-macosx_10_9_x86_64.whl", hash = "sha256:b6842284bb15f1b19c50c5fd496f1e2a4cfefdbdfa5d25c02620cb82793295a7"},
    {file = "protobuf-3.12.4-cp37-cp37m-manylinux1_x86_64.whl", hash = "sha256:0b00429b87821f1e6f3d641327864e6f271763ae61799f7540bc58a352825fe2"},
    {file = "protobuf-3.12.4-cp37-cp37m-win32.whl", hash = "sha256:f10ba89f9cd508dc00e469918552925ef7cba38d101ca47af1e78f2f9982c6b3"},
    {file = "protobuf-3.12.4-cp37-cp37m-win_amd64.whl", hash = "sha256:2636c689a6a2441da9a2ef922a21f9b8bfd5dfe676abd77d788db4b36ea86bee"},
    {file = "protobuf-3.12.4-cp38-cp38-macosx_10_9_x86_64.whl", hash = "sha256:50b7bb2124f6a1fb0ddc6a44428ae3a21e619ad2cdf08130ac6c00534998ef07"},
    {file = "protobuf-3.12.4-cp38-cp38-manylinux1_x86_64.whl", hash = "sha256:e77ca4e1403b363a88bde9e31c11d093565e925e1685f40b29385a52f2320794"},
    {file = "protobuf-3.12.4-py2.py3-none-any.whl", hash = "sha256:32f0bcdf85e0040f36b4f548c71177027f2a618cab00ba235197fa9e230b7289"},
    {file = "protobuf-3.12.4.tar.gz", hash = "sha256:c99e5aea75b6f2b29c8d8da5bdc5f5ed8d9a5b4f15115c8316a3f0a850f94656"},
]
psycopg2 = [
    {file = "psycopg2-2.8.5-cp27-cp27m-win32.whl", hash = "sha256:a0984ff49e176062fcdc8a5a2a670c9bb1704a2f69548bce8f8a7bad41c661bf"},
    {file = "psycopg2-2.8.5-cp27-cp27m-win_amd64.whl", hash = "sha256:acf56d564e443e3dea152efe972b1434058244298a94348fc518d6dd6a9fb0bb"},
    {file = "psycopg2-2.8.5-cp34-cp34m-win32.whl", hash = "sha256:440a3ea2c955e89321a138eb7582aa1d22fe286c7d65e26a2c5411af0a88ae72"},
    {file = "psycopg2-2.8.5-cp34-cp34m-win_amd64.whl", hash = "sha256:6b306dae53ec7f4f67a10942cf8ac85de930ea90e9903e2df4001f69b7833f7e"},
    {file = "psycopg2-2.8.5-cp35-cp35m-win32.whl", hash = "sha256:d3b29d717d39d3580efd760a9a46a7418408acebbb784717c90d708c9ed5f055"},
    {file = "psycopg2-2.8.5-cp35-cp35m-win_amd64.whl", hash = "sha256:6a471d4d2a6f14c97a882e8d3124869bc623f3df6177eefe02994ea41fd45b52"},
    {file = "psycopg2-2.8.5-cp36-cp36m-win32.whl", hash = "sha256:27c633f2d5db0fc27b51f1b08f410715b59fa3802987aec91aeb8f562724e95c"},
    {file = "psycopg2-2.8.5-cp36-cp36m-win_amd64.whl", hash = "sha256:2df2bf1b87305bd95eb3ac666ee1f00a9c83d10927b8144e8e39644218f4cf81"},
    {file = "psycopg2-2.8.5-cp37-cp37m-win32.whl", hash = "sha256:ac5b23d0199c012ad91ed1bbb971b7666da651c6371529b1be8cbe2a7bf3c3a9"},
    {file = "psycopg2-2.8.5-cp37-cp37m-win_amd64.whl", hash = "sha256:2c0afb40cfb4d53487ee2ebe128649028c9a78d2476d14a67781e45dc287f080"},
    {file = "psycopg2-2.8.5-cp38-cp38-win32.whl", hash = "sha256:2327bf42c1744a434ed8ed0bbaa9168cac7ee5a22a9001f6fc85c33b8a4a14b7"},
    {file = "psycopg2-2.8.5-cp38-cp38-win_amd64.whl", hash = "sha256:132efc7ee46a763e68a815f4d26223d9c679953cd190f1f218187cb60decf535"},
    {file = "psycopg2-2.8.5.tar.gz", hash = "sha256:f7d46240f7a1ae1dd95aab38bd74f7428d46531f69219954266d669da60c0818"},
]
python-dateutil = [
    {file = "python-dateutil-2.8.1.tar.gz", hash = "sha256:73ebfe9dbf22e832286dafa60473e4cd239f8592f699aa5adaf10050e6e1823c"},
    {file = "python_dateutil-2.8.1-py2.py3-none-any.whl", hash = "sha256:75bb3f31ea686f1197762692a9ee6a7550b59fc6ca3a1f4b5d7e32fb98e2da2a"},
]
redis = [
    {file = "redis-3.5.3-py2.py3-none-any.whl", hash = "sha256:432b788c4530cfe16d8d943a09d40ca6c16149727e4afe8c2c9d5580c59d9f24"},
    {file = "redis-3.5.3.tar.gz", hash = "sha256:0e7e0cfca8660dea8b7d5cd8c4f6c5e29e11f31158c0b0ae91a397f00e5a05a2"},
]
s3transfer = [
    {file = "s3transfer-0.3.3-py2.py3-none-any.whl", hash = "sha256:2482b4259524933a022d59da830f51bd746db62f047d6eb213f2f8855dcb8a13"},
    {file = "s3transfer-0.3.3.tar.gz", hash = "sha256:921a37e2aefc64145e7b73d50c71bb4f26f46e4c9f414dc648c6245ff92cf7db"},
]
six = [
    {file = "six-1.15.0-py2.py3-none-any.whl", hash = "sha256:8b74bedcbbbaca38ff6d7491d76f2b06b3592611af620f8426e82dddb04a5ced"},
    {file = "six-1.15.0.tar.gz", hash = "sha256:30639c035cdb23534cd4aa2dd52c3bf48f06e5f4a941509c8bafd8ce11080259"},
]
tenacity = [
    {file = "tenacity-6.2.0-py2.py3-none-any.whl", hash = "sha256:5a5d3dcd46381abe8b4f82b5736b8726fd3160c6c7161f53f8af7f1eb9b82173"},
    {file = "tenacity-6.2.0.tar.gz", hash = "sha256:29ae90e7faf488a8628432154bb34ace1cca58244c6ea399fd33f066ac71339a"},
]
urllib3 = [
    {file = "urllib3-1.25.10-py2.py3-none-any.whl", hash = "sha256:e7983572181f5e1522d9c98453462384ee92a0be7fac5f1413a1e35c56cc0461"},
    {file = "urllib3-1.25.10.tar.gz", hash = "sha256:91056c15fa70756691db97756772bb1eb9678fa585d9184f24534b100dc60f4a"},
]
