# This file is automatically @generated by Poetry 1.4.1 and should not be changed by hand.

[[package]]
name = "async-timeout"
version = "4.0.2"
description = "Timeout context manager for asyncio programs"
category = "main"
optional = true
python-versions = ">=3.6"
files = [
    {file = "async-timeout-4.0.2.tar.gz", hash = "sha256:2163e1640ddb52b7a8c80d0a67a08587e5d245cc9c553a74a847056bc2976b15"},
    {file = "async_timeout-4.0.2-py3-none-any.whl", hash = "sha256:8ca1e4fcf50d07413d66d1a5e416e42cfdf5851c981d679a09851a6853383b3c"},
]

[[package]]
name = "backports-zoneinfo"
version = "0.2.1"
description = "Backport of the standard library zoneinfo module"
category = "main"
optional = true
python-versions = ">=3.6"
files = [
    {file = "backports.zoneinfo-0.2.1-cp36-cp36m-macosx_10_14_x86_64.whl", hash = "sha256:da6013fd84a690242c310d77ddb8441a559e9cb3d3d59ebac9aca1a57b2e18bc"},
    {file = "backports.zoneinfo-0.2.1-cp36-cp36m-manylinux1_i686.whl", hash = "sha256:89a48c0d158a3cc3f654da4c2de1ceba85263fafb861b98b59040a5086259722"},
    {file = "backports.zoneinfo-0.2.1-cp36-cp36m-manylinux1_x86_64.whl", hash = "sha256:1c5742112073a563c81f786e77514969acb58649bcdf6cdf0b4ed31a348d4546"},
    {file = "backports.zoneinfo-0.2.1-cp36-cp36m-win32.whl", hash = "sha256:e8236383a20872c0cdf5a62b554b27538db7fa1bbec52429d8d106effbaeca08"},
    {file = "backports.zoneinfo-0.2.1-cp36-cp36m-win_amd64.whl", hash = "sha256:8439c030a11780786a2002261569bdf362264f605dfa4d65090b64b05c9f79a7"},
    {file = "backports.zoneinfo-0.2.1-cp37-cp37m-macosx_10_14_x86_64.whl", hash = "sha256:f04e857b59d9d1ccc39ce2da1021d196e47234873820cbeaad210724b1ee28ac"},
    {file = "backports.zoneinfo-0.2.1-cp37-cp37m-manylinux1_i686.whl", hash = "sha256:17746bd546106fa389c51dbea67c8b7c8f0d14b5526a579ca6ccf5ed72c526cf"},
    {file = "backports.zoneinfo-0.2.1-cp37-cp37m-manylinux1_x86_64.whl", hash = "sha256:5c144945a7752ca544b4b78c8c41544cdfaf9786f25fe5ffb10e838e19a27570"},
    {file = "backports.zoneinfo-0.2.1-cp37-cp37m-win32.whl", hash = "sha256:e55b384612d93be96506932a786bbcde5a2db7a9e6a4bb4bffe8b733f5b9036b"},
    {file = "backports.zoneinfo-0.2.1-cp37-cp37m-win_amd64.whl", hash = "sha256:a76b38c52400b762e48131494ba26be363491ac4f9a04c1b7e92483d169f6582"},
    {file = "backports.zoneinfo-0.2.1-cp38-cp38-macosx_10_14_x86_64.whl", hash = "sha256:8961c0f32cd0336fb8e8ead11a1f8cd99ec07145ec2931122faaac1c8f7fd987"},
    {file = "backports.zoneinfo-0.2.1-cp38-cp38-manylinux1_i686.whl", hash = "sha256:e81b76cace8eda1fca50e345242ba977f9be6ae3945af8d46326d776b4cf78d1"},
    {file = "backports.zoneinfo-0.2.1-cp38-cp38-manylinux1_x86_64.whl", hash = "sha256:7b0a64cda4145548fed9efc10322770f929b944ce5cee6c0dfe0c87bf4c0c8c9"},
    {file = "backports.zoneinfo-0.2.1-cp38-cp38-win32.whl", hash = "sha256:1b13e654a55cd45672cb54ed12148cd33628f672548f373963b0bff67b217328"},
    {file = "backports.zoneinfo-0.2.1-cp38-cp38-win_amd64.whl", hash = "sha256:4a0f800587060bf8880f954dbef70de6c11bbe59c673c3d818921f042f9954a6"},
    {file = "backports.zoneinfo-0.2.1.tar.gz", hash = "sha256:fadbfe37f74051d024037f223b8e001611eac868b5c5b06144ef4d8b799862f2"},
]

[package.extras]
tzdata = ["tzdata"]

[[package]]
name = "boto3"
version = "1.26.100"
description = "The AWS SDK for Python"
category = "main"
optional = true
python-versions = ">= 3.7"
files = [
    {file = "boto3-1.26.100-py3-none-any.whl", hash = "sha256:b5be5bcffe17d70a72622f8ecbb428df7b11ef8d1facdfa984e94c6fc9fa301b"},
    {file = "boto3-1.26.100.tar.gz", hash = "sha256:567f03ac638c3a6f4af00d88d081df7d6b8de4d127a26543c4ec1e7509e1a626"},
]

[package.dependencies]
botocore = ">=1.29.100,<1.30.0"
jmespath = ">=0.7.1,<2.0.0"
s3transfer = ">=0.6.0,<0.7.0"

[package.extras]
crt = ["botocore[crt] (>=1.21.0,<2.0a0)"]

[[package]]
name = "botocore"
version = "1.29.100"
description = "Low-level, data-driven core of boto 3."
category = "main"
optional = true
python-versions = ">= 3.7"
files = [
    {file = "botocore-1.29.100-py3-none-any.whl", hash = "sha256:d5c4c5bbbbf0ec62a4235ccac1b9bbb579558f7bb3231d7fb6054e1f64d3a623"},
    {file = "botocore-1.29.100.tar.gz", hash = "sha256:ff6585df3dcef2057be5e54b45d254608d3769d726ea4ccd4e17f77825e5b13d"},
]

[package.dependencies]
jmespath = ">=0.7.1,<2.0.0"
python-dateutil = ">=2.1,<3.0.0"
urllib3 = ">=1.25.4,<1.27"

[package.extras]
crt = ["awscrt (==0.16.9)"]

[[package]]
name = "etcd3"
version = "0.12.0"
description = "Python client for the etcd3 API"
category = "main"
optional = true
python-versions = "*"
files = [
    {file = "etcd3-0.12.0.tar.gz", hash = "sha256:89a704cb389bf0a010a1fa050ce19342d23bf6371ebda1c21cfe8ff3ed488726"},
]

[package.dependencies]
grpcio = ">=1.27.1"
protobuf = ">=3.6.1"
six = ">=1.12.0"
tenacity = ">=6.1.0"

[[package]]
name = "grpcio"
version = "1.53.0"
description = "HTTP/2-based RPC framework"
category = "main"
optional = true
python-versions = ">=3.7"
files = [
    {file = "grpcio-1.53.0-cp310-cp310-linux_armv7l.whl", hash = "sha256:752d2949b40e12e6ad3ed8cc552a65b54d226504f6b1fb67cab2ccee502cc06f"},
    {file = "grpcio-1.53.0-cp310-cp310-macosx_12_0_universal2.whl", hash = "sha256:8a48fd3a7222be226bb86b7b413ad248f17f3101a524018cdc4562eeae1eb2a3"},
    {file = "grpcio-1.53.0-cp310-cp310-manylinux_2_17_aarch64.whl", hash = "sha256:f3e837d29f0e1b9d6e7b29d569e2e9b0da61889e41879832ea15569c251c303a"},
    {file = "grpcio-1.53.0-cp310-cp310-manylinux_2_17_i686.manylinux2014_i686.whl", hash = "sha256:aef7d30242409c3aa5839b501e877e453a2c8d3759ca8230dd5a21cda029f046"},
    {file = "grpcio-1.53.0-cp310-cp310-manylinux_2_17_x86_64.manylinux2014_x86_64.whl", hash = "sha256:e6f90698b5d1c5dd7b3236cd1fa959d7b80e17923f918d5be020b65f1c78b173"},
    {file = "grpcio-1.53.0-cp310-cp310-musllinux_1_1_i686.whl", hash = "sha256:a96c3c7f564b263c5d7c0e49a337166c8611e89c4c919f66dba7b9a84abad137"},
    {file = "grpcio-1.53.0-cp310-cp310-musllinux_1_1_x86_64.whl", hash = "sha256:ee81349411648d1abc94095c68cd25e3c2812e4e0367f9a9355be1e804a5135c"},
    {file = "grpcio-1.53.0-cp310-cp310-win32.whl", hash = "sha256:fdc6191587de410a184550d4143e2b24a14df495c86ca15e59508710681690ac"},
    {file = "grpcio-1.53.0-cp310-cp310-win_amd64.whl", hash = "sha256:658ffe1e39171be00490db5bd3b966f79634ac4215a1eb9a85c6cd6783bf7f6e"},
    {file = "grpcio-1.53.0-cp311-cp311-linux_armv7l.whl", hash = "sha256:1b172e6d497191940c4b8d75b53de82dc252e15b61de2951d577ec5b43316b29"},
    {file = "grpcio-1.53.0-cp311-cp311-macosx_10_10_universal2.whl", hash = "sha256:82434ba3a5935e47908bc861ce1ebc43c2edfc1001d235d6e31e5d3ed55815f7"},
    {file = "grpcio-1.53.0-cp311-cp311-manylinux_2_17_aarch64.whl", hash = "sha256:1c734a2d4843e4e14ececf5600c3c4750990ec319e1299db7e4f0d02c25c1467"},
    {file = "grpcio-1.53.0-cp311-cp311-manylinux_2_17_i686.manylinux2014_i686.whl", hash = "sha256:b6a2ead3de3b2d53119d473aa2f224030257ef33af1e4ddabd4afee1dea5f04c"},
    {file = "grpcio-1.53.0-cp311-cp311-manylinux_2_17_x86_64.manylinux2014_x86_64.whl", hash = "sha256:a34d6e905f071f9b945cabbcc776e2055de1fdb59cd13683d9aa0a8f265b5bf9"},
    {file = "grpcio-1.53.0-cp311-cp311-musllinux_1_1_i686.whl", hash = "sha256:eaf8e3b97caaf9415227a3c6ca5aa8d800fecadd526538d2bf8f11af783f1550"},
    {file = "grpcio-1.53.0-cp311-cp311-musllinux_1_1_x86_64.whl", hash = "sha256:da95778d37be8e4e9afca771a83424f892296f5dfb2a100eda2571a1d8bbc0dc"},
    {file = "grpcio-1.53.0-cp311-cp311-win32.whl", hash = "sha256:e4f513d63df6336fd84b74b701f17d1bb3b64e9d78a6ed5b5e8a198bbbe8bbfa"},
    {file = "grpcio-1.53.0-cp311-cp311-win_amd64.whl", hash = "sha256:ddb2511fbbb440ed9e5c9a4b9b870f2ed649b7715859fd6f2ebc585ee85c0364"},
    {file = "grpcio-1.53.0-cp37-cp37m-linux_armv7l.whl", hash = "sha256:2a912397eb8d23c177d6d64e3c8bc46b8a1c7680b090d9f13a640b104aaec77c"},
    {file = "grpcio-1.53.0-cp37-cp37m-macosx_10_10_universal2.whl", hash = "sha256:55930c56b8f5b347d6c8c609cc341949a97e176c90f5cbb01d148d778f3bbd23"},
    {file = "grpcio-1.53.0-cp37-cp37m-manylinux_2_17_aarch64.whl", hash = "sha256:6601d812105583948ab9c6e403a7e2dba6e387cc678c010e74f2d6d589d1d1b3"},
    {file = "grpcio-1.53.0-cp37-cp37m-manylinux_2_17_i686.manylinux2014_i686.whl", hash = "sha256:c705e0c21acb0e8478a00e7e773ad0ecdb34bd0e4adc282d3d2f51ba3961aac7"},
    {file = "grpcio-1.53.0-cp37-cp37m-manylinux_2_17_x86_64.manylinux2014_x86_64.whl", hash = "sha256:ba074af9ca268ad7b05d3fc2b920b5fb3c083da94ab63637aaf67f4f71ecb755"},
    {file = "grpcio-1.53.0-cp37-cp37m-musllinux_1_1_i686.whl", hash = "sha256:14817de09317dd7d3fbc8272864288320739973ef0f4b56bf2c0032349da8cdf"},
    {file = "grpcio-1.53.0-cp37-cp37m-musllinux_1_1_x86_64.whl", hash = "sha256:c7ad9fbedb93f331c2e9054e202e95cf825b885811f1bcbbdfdc301e451442db"},
    {file = "grpcio-1.53.0-cp37-cp37m-win_amd64.whl", hash = "sha256:dad5b302a4c21c604d88a5d441973f320134e6ff6a84ecef9c1139e5ffd466f6"},
    {file = "grpcio-1.53.0-cp38-cp38-linux_armv7l.whl", hash = "sha256:fa8eaac75d3107e3f5465f2c9e3bbd13db21790c6e45b7de1756eba16b050aca"},
    {file = "grpcio-1.53.0-cp38-cp38-macosx_10_10_universal2.whl", hash = "sha256:104a2210edd3776c38448b4f76c2f16e527adafbde171fc72a8a32976c20abc7"},
    {file = "grpcio-1.53.0-cp38-cp38-manylinux_2_17_aarch64.whl", hash = "sha256:dbc1ba968639c1d23476f75c356e549e7bbf2d8d6688717dcab5290e88e8482b"},
    {file = "grpcio-1.53.0-cp38-cp38-manylinux_2_17_i686.manylinux2014_i686.whl", hash = "sha256:95952d3fe795b06af29bb8ec7bbf3342cdd867fc17b77cc25e6733d23fa6c519"},
    {file = "grpcio-1.53.0-cp38-cp38-manylinux_2_17_x86_64.manylinux2014_x86_64.whl", hash = "sha256:f144a790f14c51b8a8e591eb5af40507ffee45ea6b818c2482f0457fec2e1a2e"},
    {file = "grpcio-1.53.0-cp38-cp38-musllinux_1_1_i686.whl", hash = "sha256:0698c094688a2dd4c7c2f2c0e3e142cac439a64d1cef6904c97f6cde38ba422f"},
    {file = "grpcio-1.53.0-cp38-cp38-musllinux_1_1_x86_64.whl", hash = "sha256:6b6d60b0958be711bab047e9f4df5dbbc40367955f8651232bfdcdd21450b9ab"},
    {file = "grpcio-1.53.0-cp38-cp38-win32.whl", hash = "sha256:1948539ce78805d4e6256ab0e048ec793956d54787dc9d6777df71c1d19c7f81"},
    {file = "grpcio-1.53.0-cp38-cp38-win_amd64.whl", hash = "sha256:df9ba1183b3f649210788cf80c239041dddcb375d6142d8bccafcfdf549522cd"},
    {file = "grpcio-1.53.0-cp39-cp39-linux_armv7l.whl", hash = "sha256:19caa5b7282a89b799e63776ff602bb39604f7ca98db6df27e2de06756ae86c3"},
    {file = "grpcio-1.53.0-cp39-cp39-macosx_10_10_universal2.whl", hash = "sha256:b5bd026ac928c96cc23149e6ef79183125542062eb6d1ccec34c0a37e02255e7"},
    {file = "grpcio-1.53.0-cp39-cp39-manylinux_2_17_aarch64.whl", hash = "sha256:7dc8584ca6c015ad82e186e82f4c0fe977394588f66b8ecfc4ec873285314619"},
    {file = "grpcio-1.53.0-cp39-cp39-manylinux_2_17_i686.manylinux2014_i686.whl", hash = "sha256:2eddaae8af625e45b5c8500dcca1043264d751a6872cde2eda5022df8a336959"},
    {file = "grpcio-1.53.0-cp39-cp39-manylinux_2_17_x86_64.manylinux2014_x86_64.whl", hash = "sha256:c5fb6f3d7824696c1c9f2ad36ddb080ba5a86f2d929ef712d511b4d9972d3d27"},
    {file = "grpcio-1.53.0-cp39-cp39-musllinux_1_1_i686.whl", hash = "sha256:8270d1dc2c98ab57e6dbf36fa187db8df4c036f04a398e5d5e25b4e01a766d70"},
    {file = "grpcio-1.53.0-cp39-cp39-musllinux_1_1_x86_64.whl", hash = "sha256:976a7f24eb213e8429cab78d5e120500dfcdeb01041f1f5a77b17b9101902615"},
    {file = "grpcio-1.53.0-cp39-cp39-win32.whl", hash = "sha256:9c84a481451e7174f3a764a44150f93b041ab51045aa33d7b5b68b6979114e48"},
    {file = "grpcio-1.53.0-cp39-cp39-win_amd64.whl", hash = "sha256:6beb84f83360ff29a3654f43f251ec11b809dcb5524b698d711550243debd289"},
    {file = "grpcio-1.53.0.tar.gz", hash = "sha256:a4952899b4931a6ba12951f9a141ef3e74ff8a6ec9aa2dc602afa40f63595e33"},
]

[package.extras]
protobuf = ["grpcio-tools (>=1.53.0)"]

[[package]]
name = "jmespath"
version = "1.0.1"
description = "JSON Matching Expressions"
category = "main"
optional = true
python-versions = ">=3.7"
files = [
    {file = "jmespath-1.0.1-py3-none-any.whl", hash = "sha256:02e2e4cc71b5bcab88332eebf907519190dd9e6e82107fa7f83b1003a6252980"},
    {file = "jmespath-1.0.1.tar.gz", hash = "sha256:90261b206d6defd58fdd5e85f478bf633a2901798906be2ad389150c5c60edbe"},
]

[[package]]
name = "mysql-connector-python"
version = "8.0.32"
description = "MySQL driver written in Python"
category = "main"
optional = true
python-versions = "*"
files = [
    {file = "mysql-connector-python-8.0.32.tar.gz", hash = "sha256:c2d20b29fd096a0633f9360c275bd2434d4bcf597281991c4b7f1c820cd07b84"},
    {file = "mysql_connector_python-8.0.32-cp310-cp310-macosx_12_0_arm64.whl", hash = "sha256:4df11c683924ef34c177a54887dc4844ae735b01c8a29ce6ab92d6d3db7a2757"},
    {file = "mysql_connector_python-8.0.32-cp310-cp310-macosx_12_0_x86_64.whl", hash = "sha256:4b2d00c9e2cb9e3d11c57ec411226f43aa627607085fbed661cfea1c4dc57f61"},
    {file = "mysql_connector_python-8.0.32-cp310-cp310-manylinux1_i686.whl", hash = "sha256:992b7a464daa398e86df8c75f7d8cd6044f884ff9087e782120fc8beff96c638"},
    {file = "mysql_connector_python-8.0.32-cp310-cp310-manylinux1_x86_64.whl", hash = "sha256:232095f0c36266510009b0f1214d2823a649efb8bc511dbab9ce8847f66ab08a"},
    {file = "mysql_connector_python-8.0.32-cp310-cp310-win_amd64.whl", hash = "sha256:fd233c83daaf048c1f9827be984c2721576ae0adf50e139429a06ccd094987d9"},
    {file = "mysql_connector_python-8.0.32-cp311-cp311-macosx_12_0_arm64.whl", hash = "sha256:ab13dd6ede0e0e99ba97c73946462c3420625ab6e63fe13b6fc350e30eb3298d"},
    {file = "mysql_connector_python-8.0.32-cp311-cp311-macosx_12_0_x86_64.whl", hash = "sha256:e722b6ffa5b0d7188eebac792b18bc871643db505bf60d0e6bd2859f31e5ed79"},
    {file = "mysql_connector_python-8.0.32-cp311-cp311-manylinux1_i686.whl", hash = "sha256:283fe6f647e9d684feb1b7c48fa6a46b1e72c59ecdd6ea2b62392cd80c1a6701"},
    {file = "mysql_connector_python-8.0.32-cp311-cp311-manylinux1_x86_64.whl", hash = "sha256:1c0a11f3ffbf850f2ca7b39e6c82021e8de910ddaeffd856e53dca028d21c923"},
    {file = "mysql_connector_python-8.0.32-cp311-cp311-win_amd64.whl", hash = "sha256:6cdba2779bcd16af0ceff0a6e50d33e6664a83f8d17d70524beb6f677a6d1fae"},
    {file = "mysql_connector_python-8.0.32-cp37-cp37m-macosx_12_0_x86_64.whl", hash = "sha256:93b1eb3e07d19a23ccf2605d818aacee0d842b1820bbeef8d0022d8d3d014ab9"},
    {file = "mysql_connector_python-8.0.32-cp37-cp37m-manylinux1_i686.whl", hash = "sha256:d6b54656ca131a4f0f17b9d0adddc60f84fd982d64e06360026d5b06e5dbf865"},
    {file = "mysql_connector_python-8.0.32-cp37-cp37m-manylinux1_x86_64.whl", hash = "sha256:8c5bfedc979d7858402f39c20d66a6cf03ca4c960732a98318126c278535ddb2"},
    {file = "mysql_connector_python-8.0.32-cp37-cp37m-win_amd64.whl", hash = "sha256:bdd716b1e162fe4b3887f6617e9ddcfa659ba96a9ddb22feeae208a72f43d22f"},
    {file = "mysql_connector_python-8.0.32-cp38-cp38-macosx_12_0_x86_64.whl", hash = "sha256:bd52a462759aa324a60054c4b44dc8b32007187a328f72be6b58f193d5e32a91"},
    {file = "mysql_connector_python-8.0.32-cp38-cp38-manylinux1_i686.whl", hash = "sha256:be82357cc7e7e1377e2f4f8c18aa89c8aab6c0117155cf9fcf18e3cd0eb6ac8e"},
    {file = "mysql_connector_python-8.0.32-cp38-cp38-manylinux1_x86_64.whl", hash = "sha256:1f399f3c2599d2591854cd0e0a24c7c399dff21ac5accb6e52e06924de29f3f4"},
    {file = "mysql_connector_python-8.0.32-cp38-cp38-win_amd64.whl", hash = "sha256:c8bba02501525e1fbbba094a6d8d391d1534e8be41be6396c3e1b9f7d9d13b1c"},
    {file = "mysql_connector_python-8.0.32-cp39-cp39-macosx_12_0_arm64.whl", hash = "sha256:145aeb75eefb7425e0a7fb36a4f95ebfe79e06be7c69a4045d34cde95c666dc4"},
    {file = "mysql_connector_python-8.0.32-cp39-cp39-macosx_12_0_x86_64.whl", hash = "sha256:c990f4c0702d1739076261c4dece1042e1eb18bf34e0d8516d19ec5166a205ce"},
    {file = "mysql_connector_python-8.0.32-cp39-cp39-manylinux1_i686.whl", hash = "sha256:7f7a69db9e0c36764a6c65377f6174aee46e484520e48659e7aa674415b8e192"},
    {file = "mysql_connector_python-8.0.32-cp39-cp39-manylinux1_x86_64.whl", hash = "sha256:677b5c6dcaec7e2a4bf95b991a869f4d371114f69a0d9a5bb236e988c8f4c376"},
    {file = "mysql_connector_python-8.0.32-cp39-cp39-win_amd64.whl", hash = "sha256:8c334c41cd1c5bcfa3550340253ef7d9d3b962211f33327c20f69706a0bcce06"},
    {file = "mysql_connector_python-8.0.32-py2.py3-none-any.whl", hash = "sha256:e0299236297b63bf6cbb61d81a9d400bc01cad4743d1abe5296ef349de15ee53"},
]

[package.dependencies]
protobuf = ">=3.11.0,<=3.20.3"

[package.extras]
compression = ["lz4 (>=2.1.6,<=3.1.3)", "zstandard (>=0.12.0,<=0.19.0)"]
dns-srv = ["dnspython (>=1.16.0,<=2.1.0)"]
gssapi = ["gssapi (>=1.6.9,<=1.8.2)"]

[[package]]
name = "protobuf"
version = "3.20.3"
description = "Protocol Buffers"
category = "main"
optional = true
python-versions = ">=3.7"
files = [
    {file = "protobuf-3.20.3-cp310-cp310-manylinux2014_aarch64.whl", hash = "sha256:f4bd856d702e5b0d96a00ec6b307b0f51c1982c2bf9c0052cf9019e9a544ba99"},
    {file = "protobuf-3.20.3-cp310-cp310-manylinux_2_12_x86_64.manylinux2010_x86_64.whl", hash = "sha256:9aae4406ea63d825636cc11ffb34ad3379335803216ee3a856787bcf5ccc751e"},
    {file = "protobuf-3.20.3-cp310-cp310-win32.whl", hash = "sha256:28545383d61f55b57cf4df63eebd9827754fd2dc25f80c5253f9184235db242c"},
    {file = "protobuf-3.20.3-cp310-cp310-win_amd64.whl", hash = "sha256:67a3598f0a2dcbc58d02dd1928544e7d88f764b47d4a286202913f0b2801c2e7"},
    {file = "protobuf-3.20.3-cp36-cp36m-manylinux_2_5_x86_64.manylinux1_x86_64.whl", hash = "sha256:899dc660cd599d7352d6f10d83c95df430a38b410c1b66b407a6b29265d66469"},
    {file = "protobuf-3.20.3-cp37-cp37m-macosx_10_9_x86_64.whl", hash = "sha256:e64857f395505ebf3d2569935506ae0dfc4a15cb80dc25261176c784662cdcc4"},
    {file = "protobuf-3.20.3-cp37-cp37m-manylinux2014_aarch64.whl", hash = "sha256:d9e4432ff660d67d775c66ac42a67cf2453c27cb4d738fc22cb53b5d84c135d4"},
    {file = "protobuf-3.20.3-cp37-cp37m-manylinux_2_5_x86_64.manylinux1_x86_64.whl", hash = "sha256:74480f79a023f90dc6e18febbf7b8bac7508420f2006fabd512013c0c238f454"},
    {file = "protobuf-3.20.3-cp37-cp37m-win32.whl", hash = "sha256:b6cc7ba72a8850621bfec987cb72623e703b7fe2b9127a161ce61e61558ad905"},
    {file = "protobuf-3.20.3-cp37-cp37m-win_amd64.whl", hash = "sha256:8c0c984a1b8fef4086329ff8dd19ac77576b384079247c770f29cc8ce3afa06c"},
    {file = "protobuf-3.20.3-cp38-cp38-macosx_10_9_x86_64.whl", hash = "sha256:de78575669dddf6099a8a0f46a27e82a1783c557ccc38ee620ed8cc96d3be7d7"},
    {file = "protobuf-3.20.3-cp38-cp38-manylinux2014_aarch64.whl", hash = "sha256:f4c42102bc82a51108e449cbb32b19b180022941c727bac0cfd50170341f16ee"},
    {file = "protobuf-3.20.3-cp38-cp38-manylinux_2_5_x86_64.manylinux1_x86_64.whl", hash = "sha256:44246bab5dd4b7fbd3c0c80b6f16686808fab0e4aca819ade6e8d294a29c7050"},
    {file = "protobuf-3.20.3-cp38-cp38-win32.whl", hash = "sha256:c02ce36ec760252242a33967d51c289fd0e1c0e6e5cc9397e2279177716add86"},
    {file = "protobuf-3.20.3-cp38-cp38-win_amd64.whl", hash = "sha256:447d43819997825d4e71bf5769d869b968ce96848b6479397e29fc24c4a5dfe9"},
    {file = "protobuf-3.20.3-cp39-cp39-macosx_10_9_x86_64.whl", hash = "sha256:398a9e0c3eaceb34ec1aee71894ca3299605fa8e761544934378bbc6c97de23b"},
    {file = "protobuf-3.20.3-cp39-cp39-manylinux2014_aarch64.whl", hash = "sha256:bf01b5720be110540be4286e791db73f84a2b721072a3711efff6c324cdf074b"},
    {file = "protobuf-3.20.3-cp39-cp39-manylinux_2_5_x86_64.manylinux1_x86_64.whl", hash = "sha256:daa564862dd0d39c00f8086f88700fdbe8bc717e993a21e90711acfed02f2402"},
    {file = "protobuf-3.20.3-cp39-cp39-win32.whl", hash = "sha256:819559cafa1a373b7096a482b504ae8a857c89593cf3a25af743ac9ecbd23480"},
    {file = "protobuf-3.20.3-cp39-cp39-win_amd64.whl", hash = "sha256:03038ac1cfbc41aa21f6afcbcd357281d7521b4157926f30ebecc8d4ea59dcb7"},
    {file = "protobuf-3.20.3-py2.py3-none-any.whl", hash = "sha256:a7ca6d488aa8ff7f329d4c545b2dbad8ac31464f1d8b1c87ad1346717731e4db"},
    {file = "protobuf-3.20.3.tar.gz", hash = "sha256:2e3427429c9cffebf259491be0af70189607f365c2f41c7c3764af6f337105f2"},
]

[[package]]
name = "psycopg"
version = "3.1.8"
description = "PostgreSQL database adapter for Python"
category = "main"
optional = true
python-versions = ">=3.7"
files = [
    {file = "psycopg-3.1.8-py3-none-any.whl", hash = "sha256:b1500c42063abaa01d30b056f0b300826b8dd8d586900586029a294ce74af327"},
    {file = "psycopg-3.1.8.tar.gz", hash = "sha256:59b4a71536b146925513c0234dfd1dc42b81e65d56ce5335dff4813434dbc113"},
]

[package.dependencies]
"backports.zoneinfo" = {version = ">=0.2.0", markers = "python_version < \"3.9\""}
typing-extensions = ">=4.1"
tzdata = {version = "*", markers = "sys_platform == \"win32\""}

[package.extras]
binary = ["psycopg-binary (>=3.1.6,<=3.1.8)"]
c = ["psycopg-c (>=3.1.6,<=3.1.8)"]
dev = ["black (>=22.3.0)", "dnspython (>=2.1)", "flake8 (>=4.0)", "mypy (>=0.990)", "types-setuptools (>=57.4)", "wheel (>=0.37)"]
docs = ["Sphinx (>=5.0)", "furo (==2022.6.21)", "sphinx-autobuild (>=2021.3.14)", "sphinx-autodoc-typehints (>=1.12)"]
pool = ["psycopg-pool"]
test = ["mypy (>=0.990)", "pproxy (>=2.7)", "pytest (>=6.2.5)", "pytest-asyncio (>=0.17)", "pytest-cov (>=3.0)", "pytest-randomly (>=3.5)"]

[[package]]
name = "python-dateutil"
version = "2.8.2"
description = "Extensions to the standard Python datetime module"
category = "main"
optional = true
python-versions = "!=3.0.*,!=3.1.*,!=3.2.*,>=2.7"
files = [
    {file = "python-dateutil-2.8.2.tar.gz", hash = "sha256:0123cacc1627ae19ddf3c27a5de5bd67ee4586fbdd6440d9748f8abb483d3e86"},
    {file = "python_dateutil-2.8.2-py2.py3-none-any.whl", hash = "sha256:961d03dc3453ebbc59dbdea9e4e11c5651520a876d0f4db161e8674aae935da9"},
]

[package.dependencies]
six = ">=1.5"

[[package]]
name = "redis"
version = "4.5.3"
description = "Python client for Redis database and key-value store"
category = "main"
optional = true
python-versions = ">=3.7"
files = [
    {file = "redis-4.5.3-py3-none-any.whl", hash = "sha256:7df17a0a2b72a4c8895b462dd07616c51b1dcb48fdd7ecb7b6f4bf39ecb2e94e"},
    {file = "redis-4.5.3.tar.gz", hash = "sha256:56732e156fe31801c4f43396bd3ca0c2a7f6f83d7936798531b9848d103381aa"},
]

[package.dependencies]
async-timeout = {version = ">=4.0.2", markers = "python_version < \"3.11\""}

[package.extras]
hiredis = ["hiredis (>=1.0.0)"]
ocsp = ["cryptography (>=36.0.1)", "pyopenssl (==20.0.1)", "requests (>=2.26.0)"]

[[package]]
name = "s3transfer"
version = "0.6.0"
description = "An Amazon S3 Transfer Manager"
category = "main"
optional = true
python-versions = ">= 3.7"
files = [
    {file = "s3transfer-0.6.0-py3-none-any.whl", hash = "sha256:06176b74f3a15f61f1b4f25a1fc29a4429040b7647133a463da8fa5bd28d5ecd"},
    {file = "s3transfer-0.6.0.tar.gz", hash = "sha256:2ed07d3866f523cc561bf4a00fc5535827981b117dd7876f036b0c1aca42c947"},
]

[package.dependencies]
botocore = ">=1.12.36,<2.0a.0"

[package.extras]
crt = ["botocore[crt] (>=1.20.29,<2.0a.0)"]

[[package]]
name = "six"
version = "1.16.0"
description = "Python 2 and 3 compatibility utilities"
category = "main"
optional = true
python-versions = ">=2.7, !=3.0.*, !=3.1.*, !=3.2.*"
files = [
    {file = "six-1.16.0-py2.py3-none-any.whl", hash = "sha256:8abb2f1d86890a2dfb989f9a77cfcfd3e47c2a354b01111771326f8aa26e0254"},
    {file = "six-1.16.0.tar.gz", hash = "sha256:1e61c37477a1626458e36f7b1d82aa5c9b094fa4802892072e49de9c60c4c926"},
]

[[package]]
name = "tenacity"
version = "8.2.2"
description = "Retry code until it succeeds"
category = "main"
optional = true
python-versions = ">=3.6"
files = [
    {file = "tenacity-8.2.2-py3-none-any.whl", hash = "sha256:2f277afb21b851637e8f52e6a613ff08734c347dc19ade928e519d7d2d8569b0"},
    {file = "tenacity-8.2.2.tar.gz", hash = "sha256:43af037822bd0029025877f3b2d97cc4d7bb0c2991000a3d59d71517c5c969e0"},
]

[package.extras]
doc = ["reno", "sphinx", "tornado (>=4.5)"]

[[package]]
name = "typing-extensions"
version = "4.5.0"
description = "Backported and Experimental Type Hints for Python 3.7+"
category = "main"
optional = true
python-versions = ">=3.7"
files = [
    {file = "typing_extensions-4.5.0-py3-none-any.whl", hash = "sha256:fb33085c39dd998ac16d1431ebc293a8b3eedd00fd4a32de0ff79002c19511b4"},
    {file = "typing_extensions-4.5.0.tar.gz", hash = "sha256:5cb5f4a79139d699607b3ef622a1dedafa84e115ab0024e0d9c044a9479ca7cb"},
]

[[package]]
name = "tzdata"
version = "2023.2"
description = "Provider of IANA time zone data"
category = "main"
optional = true
python-versions = ">=2"
files = [
    {file = "tzdata-2023.2-py2.py3-none-any.whl", hash = "sha256:905ae9e6744dd9ef5ce94d2aaa2dd00282fee38b670b2133407f23c388f110a1"},
    {file = "tzdata-2023.2.tar.gz", hash = "sha256:c3b51b235b07f9f1889089c2264bcbeaaba260a63f89bea09e350ea4205eb95f"},
]

[[package]]
name = "urllib3"
version = "1.26.15"
description = "HTTP library with thread-safe connection pooling, file post, and more."
category = "main"
optional = true
python-versions = ">=2.7, !=3.0.*, !=3.1.*, !=3.2.*, !=3.3.*, !=3.4.*, !=3.5.*"
files = [
    {file = "urllib3-1.26.15-py2.py3-none-any.whl", hash = "sha256:aa751d169e23c7479ce47a0cb0da579e3ede798f994f5816a74e4f4500dcea42"},
    {file = "urllib3-1.26.15.tar.gz", hash = "sha256:8a388717b9476f934a21484e8c8e61875ab60644d29b9b39e11e4b9dc1c6b305"},
]

[package.extras]
brotli = ["brotli (>=1.0.9)", "brotlicffi (>=0.8.0)", "brotlipy (>=0.6.0)"]
secure = ["certifi", "cryptography (>=1.3.4)", "idna (>=2.0.0)", "ipaddress", "pyOpenSSL (>=0.14)", "urllib3-secure-extra"]
socks = ["PySocks (>=1.5.6,!=1.5.7,<2.0)"]

[extras]
dynamodb = ["boto3"]
etcd = ["etcd3"]
mysql = ["mysql-connector-python"]
postgresql = ["psycopg"]
redis = ["redis"]

[metadata]
lock-version = "2.0"
python-versions = "^3.8"
content-hash = "9f379e5a2ace3dcc838749aae09029b37545cd063dbaf50855661793a0633fa7"
