[[package]]
name = "boto3"
version = "1.14.34"
description = "The AWS SDK for Python"
category = "main"
optional = true
python-versions = "*"

[package.dependencies]
botocore = ">=1.17.34,<1.18.0"
jmespath = ">=0.7.1,<1.0.0"
s3transfer = ">=0.3.0,<0.4.0"

[[package]]
name = "botocore"
version = "1.17.34"
description = "Low-level, data-driven core of boto 3."
category = "main"
optional = true
python-versions = "*"

[package.dependencies]
docutils = ">=0.10,<0.16"
jmespath = ">=0.7.1,<1.0.0"
python-dateutil = ">=2.1,<3.0.0"

[package.dependencies.urllib3]
version = ">=1.20,<1.26"
python = "<3.4.0 || >=3.5.0"

[[package]]
name = "docutils"
version = "0.15.2"
description = "Docutils -- Python Documentation Utilities"
category = "main"
optional = true
python-versions = ">=2.6, !=3.0.*, !=3.1.*, !=3.2.*"

[[package]]
name = "etcd3"
version = "0.12.0"
description = "Python client for the etcd3 API"
category = "main"
optional = true
python-versions = "*"

[package.dependencies]
grpcio = ">=1.27.1"
protobuf = ">=3.6.1"
six = ">=1.12.0"
tenacity = ">=6.1.0"

[[package]]
name = "grpcio"
version = "1.30.0"
description = "HTTP/2-based RPC framework"
category = "main"
optional = true
python-versions = "*"

[package.dependencies]
six = ">=1.5.2"

[[package]]
name = "jmespath"
version = "0.10.0"
description = "JSON Matching Expressions"
category = "main"
optional = true
python-versions = ">=2.6, !=3.0.*, !=3.1.*, !=3.2.*"

[[package]]
name = "protobuf"
version = "3.12.4"
description = "Protocol Buffers"
category = "main"
optional = true
python-versions = "*"

[package.dependencies]
setuptools = "*"
six = ">=1.9"

[[package]]
name = "psycopg2"
version = "2.8.5"
description = "psycopg2 - Python-PostgreSQL Database Adapter"
category = "main"
optional = true
python-versions = ">=2.7,!=3.0.*,!=3.1.*,!=3.2.*,!=3.3.*"

[[package]]
name = "python-dateutil"
version = "2.8.1"
description = "Extensions to the standard Python datetime module"
category = "main"
optional = true
python-versions = "!=3.0.*,!=3.1.*,!=3.2.*,>=2.7"

[package.dependencies]
six = ">=1.5"

[[package]]
name = "redis"
version = "3.5.3"
description = "Python client for Redis key-value store"
category = "main"
optional = true
python-versions = ">=2.7, !=3.0.*, !=3.1.*, !=3.2.*, !=3.3.*, !=3.4.*"

[package.extras]
hiredis = ["hiredis (>=0.1.3)"]

[[package]]
name = "s3transfer"
version = "0.3.3"
description = "An Amazon S3 Transfer Manager"
category = "main"
optional = true
python-versions = "*"

[package.dependencies]
botocore = ">=1.12.36,<2.0a.0"

[[package]]
name = "six"
version = "1.15.0"
description = "Python 2 and 3 compatibility utilities"
category = "main"
optional = true
python-versions = ">=2.7, !=3.0.*, !=3.1.*, !=3.2.*"

[[package]]
name = "tenacity"
version = "6.2.0"
description = "Retry code until it succeeds"
category = "main"
optional = true
python-versions = "*"

[package.extras]
doc = ["reno", "sphinx", "tornado (>=4.5)"]

[package.dependencies]
six = ">=1.9.0"

[[package]]
name = "urllib3"
version = "1.25.10"
description = "HTTP library with thread-safe connection pooling, file post, and more."
category = "main"
optional = true
python-versions = ">=2.7, !=3.0.*, !=3.1.*, !=3.2.*, !=3.3.*, !=3.4.*, <4"
marker = "python_version != \"3.4\""

[package.extras]
brotli = ["brotlipy (>=0.6.0)"]
secure = ["certifi", "cryptography (>=1.3.4)", "idna (>=2.0.0)", "pyOpenSSL (>=0.14)", "ipaddress"]
socks = ["PySocks (>=1.5.6,<1.5.7 || >1.5.7,<2.0)"]

[extras]
etcd = ["etcd3"]
redis = ["redis"]
dynamodb = ["boto3"]
postgresql = ["psycopg2"]

[metadata]
lock-version = "1.0"
python-versions = "^3.8"
content-hash = "c4614e2b77023b9a293d72f3ed4f4378d92c6ec352fd00b8b76186c45a460aed"

[metadata.files]
boto3 = [
    {file = "boto3-1.14.34-py2.py3-none-any.whl", hash = "sha256:726937b33b5bf6036a3889ea6ecad632439d1a53c3dd4497c1c426d348e2dae3"},
    {file = "boto3-1.14.34.tar.gz", hash = "sha256:781f5d1bbec6c2fe902e8855c1c8a576845eaa06630e817b0e422afa4788620e"},
]
botocore = [
    {file = "botocore-1.17.34-py2.py3-none-any.whl", hash = "sha256:8170f6a236cdfd053275be7b2f1531c90c517d903d38b21d064dc6ba23f20870"},
    {file = "botocore-1.17.34.tar.gz", hash = "sha256:ff39ec54893397df3c14dd516aedeaff12bb7c363051d8b9bd5fc86bc3e68231"},
]
docutils = [
    {file = "docutils-0.15.2-py2-none-any.whl", hash = "sha256:9e4d7ecfc600058e07ba661411a2b7de2fd0fafa17d1a7f7361cd47b1175c827"},
    {file = "docutils-0.15.2-py3-none-any.whl", hash = "sha256:6c4f696463b79f1fb8ba0c594b63840ebd41f059e92b31957c46b74a4599b6d0"},
    {file = "docutils-0.15.2.tar.gz", hash = "sha256:a2aeea129088da402665e92e0b25b04b073c04b2dce4ab65caaa38b7ce2e1a99"},
]
etcd3 = [
    {file = "etcd3-0.12.0.tar.gz", hash = "sha256:89a704cb389bf0a010a1fa050ce19342d23bf6371ebda1c21cfe8ff3ed488726"},
]
grpcio = [
    {file = "grpcio-1.30.0-cp27-cp27m-macosx_10_9_x86_64.whl", hash = "sha256:d5eee9d205518ee4feb9c424475ddad18a44fea97ff405780e7cd1d6df8ee96a"},
    {file = "grpcio-1.30.0-cp27-cp27m-manylinux2010_i686.whl", hash = "sha256:3cb78f8078ae583810c2eb47e536b0803a039656685144db43897e8beca4e203"},
    {file = "grpcio-1.30.0-cp27-cp27m-manylinux2010_x86_64.whl", hash = "sha256:d18e7fb5c5c336cc349d06cde24582e0bfa5e067fdd6268bf1519c4eb4af0199"},
    {file = "grpcio-1.30.0-cp27-cp27m-win32.whl", hash = "sha256:0c334d6cbe27ebaa9e7211236dc99f3a9ca2ea4b3bf89b0d2544df2924343cc5"},
    {file = "grpcio-1.30.0-cp27-cp27m-win_amd64.whl", hash = "sha256:7b47ec90cab0827679b511f7f9ef4fb0077cb5d7bb3d7b917154e718bb4d983b"},
    {file = "grpcio-1.30.0-cp27-cp27mu-linux_armv7l.whl", hash = "sha256:872d45a2e01f47db095bec032470a8c5c0a5ebd00fc930b5ae35c756b20d2cff"},
    {file = "grpcio-1.30.0-cp27-cp27mu-manylinux2010_i686.whl", hash = "sha256:9ae898c15d122a046f04ea99327e3e0bd10593eb413c4810b931103da6311a21"},
    {file = "grpcio-1.30.0-cp27-cp27mu-manylinux2010_x86_64.whl", hash = "sha256:474bb992355b4a3cb8d7cb783b2d81f628c16ea921cec54ff492420e11c896f5"},
    {file = "grpcio-1.30.0-cp35-cp35m-linux_armv7l.whl", hash = "sha256:37da010e209289085d3362f371d9feefc152790859470f5e413d84a95a8d3998"},
    {file = "grpcio-1.30.0-cp35-cp35m-macosx_10_7_intel.whl", hash = "sha256:74e8b6bd0f7ae64a7eecfe9bf10bc7a905d3b3eb2775cd3a9fdcdafd277469dd"},
    {file = "grpcio-1.30.0-cp35-cp35m-manylinux2010_i686.whl", hash = "sha256:b8e5194fb20f4365eacfc3c33d61662651e12e166978186faf378ee972eb0bab"},
    {file = "grpcio-1.30.0-cp35-cp35m-manylinux2010_x86_64.whl", hash = "sha256:09bea7902adc33620d68462671942e163ab12214073ffb613d2fef3df94254f6"},
    {file = "grpcio-1.30.0-cp35-cp35m-win32.whl", hash = "sha256:2522f1808fe41bd8807feb5330025378553745b727eacb07562319205d1fd405"},
    {file = "grpcio-1.30.0-cp35-cp35m-win_amd64.whl", hash = "sha256:afe1f9173b51945e66c72002995eb6d4217384aaaee53215ae85d8543251fec2"},
    {file = "grpcio-1.30.0-cp36-cp36m-linux_armv7l.whl", hash = "sha256:b934542dd61746651f7907d2d7878f62ef42fdb46935088fc6a1d8266a406ba5"},
    {file = "grpcio-1.30.0-cp36-cp36m-macosx_10_9_x86_64.whl", hash = "sha256:ac97beab4a749c7faf6f267f7b149f6dff4f3ad64f6f6ac1d94d04019785d6a4"},
    {file = "grpcio-1.30.0-cp36-cp36m-manylinux2010_i686.whl", hash = "sha256:795f351ef70a931f8f7be6a10a509714ec0a6e36c674a071abe5da8eb6b8bb35"},
    {file = "grpcio-1.30.0-cp36-cp36m-manylinux2010_x86_64.whl", hash = "sha256:8d3249566b2d8b97925fbb2ae6c5b63c5ebdb919828230eae06a25e9614e051b"},
    {file = "grpcio-1.30.0-cp36-cp36m-win32.whl", hash = "sha256:32fe6369143c262d096995ebdd55eeb77f0e1dbe8343a956462ef0607527c7bc"},
    {file = "grpcio-1.30.0-cp36-cp36m-win_amd64.whl", hash = "sha256:08362b8b09562179b14db6ffce4b88e1a6a6edac8bccb85dd35f7b214fa5a0f5"},
    {file = "grpcio-1.30.0-cp37-cp37m-macosx_10_9_x86_64.whl", hash = "sha256:c8ad75925e87ed68d5f7d5e3ec4b9f2ed209fae67c0abbcbd17481cc474421ba"},
    {file = "grpcio-1.30.0-cp37-cp37m-manylinux2010_i686.whl", hash = "sha256:14743e8fdfdabbab1a2075ffafd25e0a8b1a864505e3cccdf19793766cdc4624"},
    {file = "grpcio-1.30.0-cp37-cp37m-manylinux2010_x86_64.whl", hash = "sha256:0c4e316e02fc227c6fba858707baee46f30d890754fc4acdf2cfec2ea0bf0aa1"},
    {file = "grpcio-1.30.0-cp37-cp37m-win32.whl", hash = "sha256:b0f7bfba0ae7a97b802348aba4e08b1e84988103cc1eb887241e7b069010058a"},
    {file = "grpcio-1.30.0-cp37-cp37m-win_amd64.whl", hash = "sha256:2121afee4e3ebea7df1137bfb4dc396b1856aff4c517780108d9ce82f57bf2f8"},
    {file = "grpcio-1.30.0-cp38-cp38-macosx_10_9_x86_64.whl", hash = "sha256:b022cedea66b7d6774bbd7d32d5a8a374947fb572da1a6915210b09a6f51cbdf"},
    {file = "grpcio-1.30.0-cp38-cp38-manylinux2010_i686.whl", hash = "sha256:38ab75168a9024d393bf43343960da425736038d249920955f223bc762587697"},
    {file = "grpcio-1.30.0-cp38-cp38-manylinux2010_x86_64.whl", hash = "sha256:1f45ec5003101f16673436b150bac73c2355cd9ae78cb14f3707be01a39b5450"},
    {file = "grpcio-1.30.0-cp38-cp38-win32.whl", hash = "sha256:7f264d740906655a147448d57e4422723639d2d3f891734b8d5eb1675cb47192"},
    {file = "grpcio-1.30.0-cp38-cp38-win_amd64.whl", hash = "sha256:31e9891ac742e6866aec0cf67f1892618982cfbaf08bdcf3bb2e0f0828530c38"},
    {file = "grpcio-1.30.0.tar.gz", hash = "sha256:e8f2f5d16e0164c415f1b31a8d9a81f2e4645a43d1b261375d6bab7b0adf511f"},
]
jmespath = [
    {file = "jmespath-0.10.0-py2.py3-none-any.whl", hash = "sha256:cdf6525904cc597730141d61b36f2e4b8ecc257c420fa2f4549bac2c2d0cb72f"},
    {file = "jmespath-0.10.0.tar.gz", hash = "sha256:b85d0567b8666149a93172712e68920734333c0ce7e89b78b3e987f71e5ed4f9"},
]
protobuf = [
    {file = "protobuf-3.12.4-cp27-cp27m-macosx_10_9_x86_64.whl", hash = "sha256:3d59825cba9447e8f4fcacc1f3c892cafd28b964e152629b3f420a2fb5918b5a"},
    {file = "protobuf-3.12.4-cp27-cp27mu-manylinux1_x86_64.whl", hash = "sha256:6009f3ebe761fad319b52199a49f1efa7a3729302947a78a3f5ea8e7e89e3ac2"},
    {file = "protobuf-3.12.4-cp35-cp35m-macosx_10_9_intel.whl", hash = "sha256:e2bd5c98952db3f1bb1af2e81b6a208909d3b8a2d32f7525c5cc10a6338b6593"},
    {file = "protobuf-3.12.4-cp35-cp35m-manylinux1_x86_64.whl", hash = "sha256:2becd0e238ae34caf96fa7365b87f65b88aebcf7864dfe5ab461c5005f4256d9"},
    {file = "protobuf-3.12.4-cp35-cp35m-win32.whl", hash = "sha256:ef991cbe34d7bb935ba6349406a210d3558b9379c21621c6ed7b99112af7350e"},
    {file = "protobuf-3.12.4-cp35-cp35m-win_amd64.whl", hash = "sha256:a7b6cf201e67132ca99b8a6c4812fab541fdce1ceb54bb6f66bc336ab7259138"},
    {file = "protobuf-3.12.4-cp36-cp36m-macosx_10_9_x86_64.whl", hash = "sha256:4794a7748ee645d2ae305f3f4f0abd459e789c973b5bc338008960f83e0c554b"},
    {file = "protobuf-3.12.4-cp36-cp36m-manylinux1_x86_64.whl", hash = "sha256:f1796e0eb911bf5b08e76b753953effbeb6bc42c95c16597177f627eaa52c375"},
    {file = "protobuf-3.12.4-cp36-cp36m-win32.whl", hash = "sha256:c0c8d7c8f07eacd9e98a907941b56e57883cf83de069cfaeaa7e02c582f72ddb"},
    {file = "protobuf-3.12.4-cp36-cp36m-win_amd64.whl", hash = "sha256:2db6940c1914fa3fbfabc0e7c8193d9e18b01dbb4650acac249b113be3ba8d9e"},
    {file = "protobuf-3.12.4-cp37-cp37m-macosx_10_9_x86_64.whl", hash = "sha256:b6842284bb15f1b19c50c5fd496f1e2a4cfefdbdfa5d25c02620cb82793295a7"},
    {file = "protobuf-3.12.4-cp37-cp37m-manylinux1_x86_64.whl", hash = "sha256:0b00429b87821f1e6f3d641327864e6f271763ae61799f7540bc58a352825fe2"},
    {file = "protobuf-3.12.4-cp37-cp37m-win32.whl", hash = "sha256:f10ba89f9cd508dc00e469918552925ef7cba38d101ca47af1e78f2f9982c6b3"},
    {file = "protobuf-3.12.4-cp37-cp37m-win_amd64.whl", hash = "sha256:2636c689a6a2441da9a2ef922a21f9b8bfd5dfe676abd77d788db4b36ea86bee"},
    {file = "protobuf-3.12.4-cp38-cp38-macosx_10_9_x86_64.whl", hash = "sha256:50b7bb2124f6a1fb0ddc6a44428ae3a21e619ad2cdf08130ac6c00534998ef07"},
    {file = "protobuf-3.12.4-cp38-cp38-manylinux1_x86_64.whl", hash = "sha256:e77ca4e1403b363a88bde9e31c11d093565e925e1685f40b29385a52f2320794"},
    {file = "protobuf-3.12.4-py2.py3-none-any.whl", hash = "sha256:32f0bcdf85e0040f36b4f548c71177027f2a618cab00ba235197fa9e230b7289"},
    {file = "protobuf-3.12.4.tar.gz", hash = "sha256:c99e5aea75b6f2b29c8d8da5bdc5f5ed8d9a5b4f15115c8316a3f0a850f94656"},
]
psycopg2 = [
    {file = "psycopg2-2.8.5-cp27-cp27m-win32.whl", hash = "sha256:a0984ff49e176062fcdc8a5a2a670c9bb1704a2f69548bce8f8a7bad41c661bf"},
    {file = "psycopg2-2.8.5-cp27-cp27m-win_amd64.whl", hash = "sha256:acf56d564e443e3dea152efe972b1434058244298a94348fc518d6dd6a9fb0bb"},
    {file = "psycopg2-2.8.5-cp34-cp34m-win32.whl", hash = "sha256:440a3ea2c955e89321a138eb7582aa1d22fe286c7d65e26a2c5411af0a88ae72"},
    {file = "psycopg2-2.8.5-cp34-cp34m-win_amd64.whl", hash = "sha256:6b306dae53ec7f4f67a10942cf8ac85de930ea90e9903e2df4001f69b7833f7e"},
    {file = "psycopg2-2.8.5-cp35-cp35m-win32.whl", hash = "sha256:d3b29d717d39d3580efd760a9a46a7418408acebbb784717c90d708c9ed5f055"},
    {file = "psycopg2-2.8.5-cp35-cp35m-win_amd64.whl", hash = "sha256:6a471d4d2a6f14c97a882e8d3124869bc623f3df6177eefe02994ea41fd45b52"},
    {file = "psycopg2-2.8.5-cp36-cp36m-win32.whl", hash = "sha256:27c633f2d5db0fc27b51f1b08f410715b59fa3802987aec91aeb8f562724e95c"},
    {file = "psycopg2-2.8.5-cp36-cp36m-win_amd64.whl", hash = "sha256:2df2bf1b87305bd95eb3ac666ee1f00a9c83d10927b8144e8e39644218f4cf81"},
    {file = "psycopg2-2.8.5-cp37-cp37m-win32.whl", hash = "sha256:ac5b23d0199c012ad91ed1bbb971b7666da651c6371529b1be8cbe2a7bf3c3a9"},
    {file = "psycopg2-2.8.5-cp37-cp37m-win_amd64.whl", hash = "sha256:2c0afb40cfb4d53487ee2ebe128649028c9a78d2476d14a67781e45dc287f080"},
    {file = "psycopg2-2.8.5-cp38-cp38-win32.whl", hash = "sha256:2327bf42c1744a434ed8ed0bbaa9168cac7ee5a22a9001f6fc85c33b8a4a14b7"},
    {file = "psycopg2-2.8.5-cp38-cp38-win_amd64.whl", hash = "sha256:132efc7ee46a763e68a815f4d26223d9c679953cd190f1f218187cb60decf535"},
    {file = "psycopg2-2.8.5.tar.gz", hash = "sha256:f7d46240f7a1ae1dd95aab38bd74f7428d46531f69219954266d669da60c0818"},
]
python-dateutil = [
    {file = "python-dateutil-2.8.1.tar.gz", hash = "sha256:73ebfe9dbf22e832286dafa60473e4cd239f8592f699aa5adaf10050e6e1823c"},
    {file = "python_dateutil-2.8.1-py2.py3-none-any.whl", hash = "sha256:75bb3f31ea686f1197762692a9ee6a7550b59fc6ca3a1f4b5d7e32fb98e2da2a"},
]
redis = [
    {file = "redis-3.5.3-py2.py3-none-any.whl", hash = "sha256:432b788c4530cfe16d8d943a09d40ca6c16149727e4afe8c2c9d5580c59d9f24"},
    {file = "redis-3.5.3.tar.gz", hash = "sha256:0e7e0cfca8660dea8b7d5cd8c4f6c5e29e11f31158c0b0ae91a397f00e5a05a2"},
]
s3transfer = [
    {file = "s3transfer-0.3.3-py2.py3-none-any.whl", hash = "sha256:2482b4259524933a022d59da830f51bd746db62f047d6eb213f2f8855dcb8a13"},
    {file = "s3transfer-0.3.3.tar.gz", hash = "sha256:921a37e2aefc64145e7b73d50c71bb4f26f46e4c9f414dc648c6245ff92cf7db"},
]
six = [
    {file = "six-1.15.0-py2.py3-none-any.whl", hash = "sha256:8b74bedcbbbaca38ff6d7491d76f2b06b3592611af620f8426e82dddb04a5ced"},
    {file = "six-1.15.0.tar.gz", hash = "sha256:30639c035cdb23534cd4aa2dd52c3bf48f06e5f4a941509c8bafd8ce11080259"},
]
tenacity = [
    {file = "tenacity-6.2.0-py2.py3-none-any.whl", hash = "sha256:5a5d3dcd46381abe8b4f82b5736b8726fd3160c6c7161f53f8af7f1eb9b82173"},
    {file = "tenacity-6.2.0.tar.gz", hash = "sha256:29ae90e7faf488a8628432154bb34ace1cca58244c6ea399fd33f066ac71339a"},
]
urllib3 = [
    {file = "urllib3-1.25.10-py2.py3-none-any.whl", hash = "sha256:e7983572181f5e1522d9c98453462384ee92a0be7fac5f1413a1e35c56cc0461"},
    {file = "urllib3-1.25.10.tar.gz", hash = "sha256:91056c15fa70756691db97756772bb1eb9678fa585d9184f24534b100dc60f4a"},
]
