version = 1
requires-python = ">=3.9"
resolution-markers = [
    "python_full_version < '3.10'",
    "python_full_version >= '3.10'",
]

[[package]]
name = "async-timeout"
version = "5.0.1"
source = { registry = "https://pypi.org/simple" }
sdist = { url = "https://files.pythonhosted.org/packages/a5/ae/136395dfbfe00dfc94da3f3e136d0b13f394cba8f4841120e34226265780/async_timeout-5.0.1.tar.gz", hash = "sha256:d9321a7a3d5a6a5e187e824d2fa0793ce379a202935782d555d6e9d2735677d3", size = 9274 }
wheels = [
    { url = "https://files.pythonhosted.org/packages/fe/ba/e2081de779ca30d473f21f5b30e0e737c438205440784c7dfc81efc2b029/async_timeout-5.0.1-py3-none-any.whl", hash = "sha256:39e3809566ff85354557ec2398b55e096c8364bacac9405a7a1fa429e77fe76c", size = 6233 },
]

[[package]]
name = "boto3"
version = "1.35.76"
source = { registry = "https://pypi.org/simple" }
dependencies = [
    { name = "botocore" },
    { name = "jmespath" },
    { name = "s3transfer" },
]
sdist = { url = "https://files.pythonhosted.org/packages/7a/24/31f56d43419dadf71d9d30192ebc1577fdef2e703622e1fe4cf370cce98f/boto3-1.35.76.tar.gz", hash = "sha256:31ddcdb6f15dace2b68f6a0f11bdb58dd3ae79b8a3ccb174ff811ef0bbf938e0", size = 111023 }
wheels = [
    { url = "https://files.pythonhosted.org/packages/a2/d6/36ed30de3cf85d2431c3ef9739e731ad8f8bfabeb8f556e35992a55d5834/boto3-1.35.76-py3-none-any.whl", hash = "sha256:69458399f41f57a50770c8974796d96978bcca44915c260319696bb43e47dffd", size = 139178 },
]

[[package]]
name = "boto3-stubs"
version = "1.35.76"
source = { registry = "https://pypi.org/simple" }
dependencies = [
    { name = "botocore-stubs" },
    { name = "types-s3transfer" },
    { name = "typing-extensions", marker = "python_full_version < '3.12'" },
]
sdist = { url = "https://files.pythonhosted.org/packages/25/5d/45f3aba97f789e5547a6ebeea85d060f7fd9a8992ca8562ada8633034717/boto3_stubs-1.35.76.tar.gz", hash = "sha256:32109b6a0c9720bf7c2e389655479c6dab4ee33c622e2cf2746c9e5ec527bae3", size = 94976 }
wheels = [
    { url = "https://files.pythonhosted.org/packages/aa/66/2103cb4b197fdddc3cd95546517fa4412cffbc89d7cb16ec4366fc535e71/boto3_stubs-1.35.76-py3-none-any.whl", hash = "sha256:882f69f02cca48176fa3adf7f354fe64a65268423c9696871d0f4d098af35431", size = 65004 },
]

[package.optional-dependencies]
dynamodb = [
    { name = "mypy-boto3-dynamodb" },
]

[[package]]
name = "botocore"
version = "1.35.76"
source = { registry = "https://pypi.org/simple" }
dependencies = [
    { name = "jmespath" },
    { name = "python-dateutil" },
    { name = "urllib3" },
]
sdist = { url = "https://files.pythonhosted.org/packages/bb/73/c3f127c48869a3555e59c5cd381de119d96a02912dc789443fdaefa44807/botocore-1.35.76.tar.gz", hash = "sha256:a75a42ae53395796b8300c5fefb2d65a8696dc40dc85e49cf3a769e0c0202b13", size = 13439455 }
wheels = [
    { url = "https://files.pythonhosted.org/packages/2f/c1/b6dc5e5d11efd493892daf4466ab720e4eb9c294aa05d7e571b27edc7842/botocore-1.35.76-py3-none-any.whl", hash = "sha256:b4729d12d00267b3185628f83543917b6caae292385230ab464067621aa086af", size = 13243531 },
]

[[package]]
name = "botocore-stubs"
version = "1.35.76"
source = { registry = "https://pypi.org/simple" }
dependencies = [
    { name = "types-awscrt" },
]
sdist = { url = "https://files.pythonhosted.org/packages/21/f7/fb53789d3a7e4a18e8b76159998a21f7dbd7f110572566317512e8267f46/botocore_stubs-1.35.76.tar.gz", hash = "sha256:c977a049481d50a14bf2db0ef15020b76734ff628d4b8e0e77b8d1c65318369e", size = 40527 }
wheels = [
    { url = "https://files.pythonhosted.org/packages/29/c9/67969cc93d0c272f5cf639d5f70400b84adb784052e43fd80887b98fbb23/botocore_stubs-1.35.76-py3-none-any.whl", hash = "sha256:617508d023e0bc98901e0189b794c4b3f289c1747c7cc410173ad698c819a716", size = 63025 },
]

[[package]]
name = "grpc-stubs"
version = "1.53.0.5"
source = { registry = "https://pypi.org/simple" }
dependencies = [
    { name = "grpcio" },
]
sdist = { url = "https://files.pythonhosted.org/packages/55/8d/14c6b8c2fa5d82ffe96aed53b1c38e2a9fb6a57c5836966545f3080e5adc/grpc-stubs-1.53.0.5.tar.gz", hash = "sha256:3e1b642775cbc3e0c6332cfcedfccb022176db87e518757bef3a1241397be406", size = 14259 }
wheels = [
    { url = "https://files.pythonhosted.org/packages/e0/86/147d2ccaf9b4b81407734b9abc1152aff39836e8e05be3bf069f9374c021/grpc_stubs-1.53.0.5-py3-none-any.whl", hash = "sha256:04183fb65a1b166a1febb9627e3d9647d3926ccc2dfe049fe7b6af243428dbe1", size = 16497 },
]

[[package]]
name = "grpcio"
version = "1.68.1"
source = { registry = "https://pypi.org/simple" }
sdist = { url = "https://files.pythonhosted.org/packages/91/ec/b76ff6d86bdfd1737a5ec889394b54c18b1ec3832d91041e25023fbcb67d/grpcio-1.68.1.tar.gz", hash = "sha256:44a8502dd5de653ae6a73e2de50a401d84184f0331d0ac3daeb044e66d5c5054", size = 12694654 }
wheels = [
    { url = "https://files.pythonhosted.org/packages/f5/88/d1ac9676a0809e3efec154d45246474ec12a4941686da71ffb3d34190294/grpcio-1.68.1-cp310-cp310-linux_armv7l.whl", hash = "sha256:d35740e3f45f60f3c37b1e6f2f4702c23867b9ce21c6410254c9c682237da68d", size = 5171054 },
    { url = "https://files.pythonhosted.org/packages/ec/cb/94ca41e100201fee8876a4b44d64e43ac7405929909afe1fa943d65b25ef/grpcio-1.68.1-cp310-cp310-macosx_12_0_universal2.whl", hash = "sha256:d99abcd61760ebb34bdff37e5a3ba333c5cc09feda8c1ad42547bea0416ada78", size = 11078566 },
    { url = "https://files.pythonhosted.org/packages/d5/b0/ad4c66f2e3181b4eab99885686c960c403ae2300bacfe427526282facc07/grpcio-1.68.1-cp310-cp310-manylinux_2_17_aarch64.whl", hash = "sha256:f8261fa2a5f679abeb2a0a93ad056d765cdca1c47745eda3f2d87f874ff4b8c9", size = 5690039 },
    { url = "https://files.pythonhosted.org/packages/67/1e/f5d3410674d021831c9fef2d1d7ca2357b08d09c840ad4e054ea8ffc302e/grpcio-1.68.1-cp310-cp310-manylinux_2_17_i686.manylinux2014_i686.whl", hash = "sha256:0feb02205a27caca128627bd1df4ee7212db051019a9afa76f4bb6a1a80ca95e", size = 6317470 },
    { url = "https://files.pythonhosted.org/packages/91/93/701d5f33b163a621c8f2d4453f9e22f6c14e996baed54118d0dea93fc8c7/grpcio-1.68.1-cp310-cp310-manylinux_2_17_x86_64.manylinux2014_x86_64.whl", hash = "sha256:919d7f18f63bcad3a0f81146188e90274fde800a94e35d42ffe9eadf6a9a6330", size = 5941884 },
    { url = "https://files.pythonhosted.org/packages/67/44/06917ffaa35ca463b93dde60f324015fe4192312b0f4dd0faec061e7ca7f/grpcio-1.68.1-cp310-cp310-musllinux_1_1_i686.whl", hash = "sha256:963cc8d7d79b12c56008aabd8b457f400952dbea8997dd185f155e2f228db079", size = 6646332 },
    { url = "https://files.pythonhosted.org/packages/d4/94/074db039532687ec8ef07ebbcc747c46547c94329016e22b97d97b9e5f3b/grpcio-1.68.1-cp310-cp310-musllinux_1_1_x86_64.whl", hash = "sha256:ccf2ebd2de2d6661e2520dae293298a3803a98ebfc099275f113ce1f6c2a80f1", size = 6212515 },
    { url = "https://files.pythonhosted.org/packages/c5/f2/0c939264c36c6038fae1732a2a3e01a7075ba171a2154d86842ee0ac9b0a/grpcio-1.68.1-cp310-cp310-win32.whl", hash = "sha256:2cc1fd04af8399971bcd4f43bd98c22d01029ea2e56e69c34daf2bf8470e47f5", size = 3650459 },
    { url = "https://files.pythonhosted.org/packages/b6/90/b0e9278e88f747879d13b79fb893c9acb381fb90541ad9e416c7816c5eaf/grpcio-1.68.1-cp310-cp310-win_amd64.whl", hash = "sha256:ee2e743e51cb964b4975de572aa8fb95b633f496f9fcb5e257893df3be854746", size = 4399144 },
    { url = "https://files.pythonhosted.org/packages/fe/0d/fde5a5777d65696c39bb3e622fe1239dd0a878589bf6c5066980e7d19154/grpcio-1.68.1-cp311-cp311-linux_armv7l.whl", hash = "sha256:55857c71641064f01ff0541a1776bfe04a59db5558e82897d35a7793e525774c", size = 5180919 },
    { url = "https://files.pythonhosted.org/packages/07/fd/e5fa75b5ddf5d9f16606196973f9c2b4b1adf5a1735117eb7129fc33d2ec/grpcio-1.68.1-cp311-cp311-macosx_10_9_universal2.whl", hash = "sha256:4b177f5547f1b995826ef529d2eef89cca2f830dd8b2c99ffd5fde4da734ba73", size = 11150922 },
    { url = "https://files.pythonhosted.org/packages/86/1e/aaf5a1dae87fe47f277c5a1be72b31d2c209d095bebb0ce1d2df5cb8779c/grpcio-1.68.1-cp311-cp311-manylinux_2_17_aarch64.whl", hash = "sha256:3522c77d7e6606d6665ec8d50e867f13f946a4e00c7df46768f1c85089eae515", size = 5685685 },
    { url = "https://files.pythonhosted.org/packages/a9/69/c4fdf87d5c5696207e2ed232e4bdde656d8c99ba91f361927f3f06aa41ca/grpcio-1.68.1-cp311-cp311-manylinux_2_17_i686.manylinux2014_i686.whl", hash = "sha256:9d1fae6bbf0816415b81db1e82fb3bf56f7857273c84dcbe68cbe046e58e1ccd", size = 6316535 },
    { url = "https://files.pythonhosted.org/packages/6f/c6/539660516ea7db7bc3d39e07154512ae807961b14ec6b5b0c58d15657ff1/grpcio-1.68.1-cp311-cp311-manylinux_2_17_x86_64.manylinux2014_x86_64.whl", hash = "sha256:298ee7f80e26f9483f0b6f94cc0a046caf54400a11b644713bb5b3d8eb387600", size = 5939920 },
    { url = "https://files.pythonhosted.org/packages/38/f3/97a74dc4dd95bf195168d6da2ca4731ab7d3d0b03078f2833b4ff9c4f48f/grpcio-1.68.1-cp311-cp311-musllinux_1_1_i686.whl", hash = "sha256:cbb5780e2e740b6b4f2d208e90453591036ff80c02cc605fea1af8e6fc6b1bbe", size = 6644770 },
    { url = "https://files.pythonhosted.org/packages/cb/36/79a5e04073e58106aff442509a0c459151fa4f43202395db3eb8f77b78e9/grpcio-1.68.1-cp311-cp311-musllinux_1_1_x86_64.whl", hash = "sha256:ddda1aa22495d8acd9dfbafff2866438d12faec4d024ebc2e656784d96328ad0", size = 6211743 },
    { url = "https://files.pythonhosted.org/packages/73/0f/2250f4a0de1a0bec0726c47a021cbf71af6105f512ecaf67703e2eb1ad2f/grpcio-1.68.1-cp311-cp311-win32.whl", hash = "sha256:b33bd114fa5a83f03ec6b7b262ef9f5cac549d4126f1dc702078767b10c46ed9", size = 3650734 },
    { url = "https://files.pythonhosted.org/packages/4b/29/061c93a35f498238dc35eb8fb039ce168aa99cac2f0f1ce0c8a0a4bdb274/grpcio-1.68.1-cp311-cp311-win_amd64.whl", hash = "sha256:7f20ebec257af55694d8f993e162ddf0d36bd82d4e57f74b31c67b3c6d63d8b2", size = 4400816 },
    { url = "https://files.pythonhosted.org/packages/f5/15/674a1468fef234fa996989509bbdfc0d695878cbb385b9271f5d690d5cd3/grpcio-1.68.1-cp312-cp312-linux_armv7l.whl", hash = "sha256:8829924fffb25386995a31998ccbbeaa7367223e647e0122043dfc485a87c666", size = 5148351 },
    { url = "https://files.pythonhosted.org/packages/62/f5/edce368682d6d0b3573b883b134df022a44b1c888ea416dd7d78d480ab24/grpcio-1.68.1-cp312-cp312-macosx_10_9_universal2.whl", hash = "sha256:3aed6544e4d523cd6b3119b0916cef3d15ef2da51e088211e4d1eb91a6c7f4f1", size = 11127559 },
    { url = "https://files.pythonhosted.org/packages/ce/14/a6fde3114eafd9e4e345d1ebd0291c544d83b22f0554b1678a2968ae39e1/grpcio-1.68.1-cp312-cp312-manylinux_2_17_aarch64.whl", hash = "sha256:4efac5481c696d5cb124ff1c119a78bddbfdd13fc499e3bc0ca81e95fc573684", size = 5645221 },
    { url = "https://files.pythonhosted.org/packages/21/21/d1865bd6a22f9a26217e4e1b35f9105f7a0cdfb7a5fffe8be48e1a1afafc/grpcio-1.68.1-cp312-cp312-manylinux_2_17_i686.manylinux2014_i686.whl", hash = "sha256:6ab2d912ca39c51f46baf2a0d92aa265aa96b2443266fc50d234fa88bf877d8e", size = 6292270 },
    { url = "https://files.pythonhosted.org/packages/3a/f6/19798be6c3515a7b1fb9570198c91710472e2eb21f1900109a76834829e3/grpcio-1.68.1-cp312-cp312-manylinux_2_17_x86_64.manylinux2014_x86_64.whl", hash = "sha256:95c87ce2a97434dffe7327a4071839ab8e8bffd0054cc74cbe971fba98aedd60", size = 5905978 },
    { url = "https://files.pythonhosted.org/packages/9b/43/c3670a657445cd55be1246f64dbc3a6a33cab0f0141c5836df2e04f794c8/grpcio-1.68.1-cp312-cp312-musllinux_1_1_i686.whl", hash = "sha256:e4842e4872ae4ae0f5497bf60a0498fa778c192cc7a9e87877abd2814aca9475", size = 6630444 },
    { url = "https://files.pythonhosted.org/packages/80/69/fbbebccffd266bea4268b685f3e8e03613405caba69e93125dc783036465/grpcio-1.68.1-cp312-cp312-musllinux_1_1_x86_64.whl", hash = "sha256:255b1635b0ed81e9f91da4fcc8d43b7ea5520090b9a9ad9340d147066d1d3613", size = 6200324 },
    { url = "https://files.pythonhosted.org/packages/65/5c/27a26c21916f94f0c1585111974a5d5a41d8420dcb42c2717ee514c97a97/grpcio-1.68.1-cp312-cp312-win32.whl", hash = "sha256:7dfc914cc31c906297b30463dde0b9be48e36939575eaf2a0a22a8096e69afe5", size = 3638381 },
    { url = "https://files.pythonhosted.org/packages/a3/ba/ba6b65ccc93c7df1031c6b41e45b79a5a37e46b81d816bb3ea68ba476d77/grpcio-1.68.1-cp312-cp312-win_amd64.whl", hash = "sha256:a0c8ddabef9c8f41617f213e527254c41e8b96ea9d387c632af878d05db9229c", size = 4389959 },
    { url = "https://files.pythonhosted.org/packages/37/1a/15ccc08da339a5536690e6f877963422a5abf3f6dfeed96b3175f5c816b9/grpcio-1.68.1-cp313-cp313-linux_armv7l.whl", hash = "sha256:a47faedc9ea2e7a3b6569795c040aae5895a19dde0c728a48d3c5d7995fda385", size = 5149822 },
    { url = "https://files.pythonhosted.org/packages/bc/fe/91bb4b160cd251d5b5ee722e6342355f76d1ffe176c50a6ef0e8256fbb47/grpcio-1.68.1-cp313-cp313-macosx_10_13_universal2.whl", hash = "sha256:390eee4225a661c5cd133c09f5da1ee3c84498dc265fd292a6912b65c421c78c", size = 11085016 },
    { url = "https://files.pythonhosted.org/packages/55/2d/0bb2478410f5896da1090b9f43c2979dd72e7e97d10bc223bfbdddcf8eca/grpcio-1.68.1-cp313-cp313-manylinux_2_17_aarch64.whl", hash = "sha256:66a24f3d45c33550703f0abb8b656515b0ab777970fa275693a2f6dc8e35f1c1", size = 5645634 },
    { url = "https://files.pythonhosted.org/packages/f5/6c/e2d22d963b695f87a09965246beb1c3224b09ffc666fc0b285820926499a/grpcio-1.68.1-cp313-cp313-manylinux_2_17_i686.manylinux2014_i686.whl", hash = "sha256:c08079b4934b0bf0a8847f42c197b1d12cba6495a3d43febd7e99ecd1cdc8d54", size = 6291096 },
    { url = "https://files.pythonhosted.org/packages/6f/f6/21d9204e2c4c0804ad72be8c830c44f0e1355e649c173f87508b7f0e5488/grpcio-1.68.1-cp313-cp313-manylinux_2_17_x86_64.manylinux2014_x86_64.whl", hash = "sha256:8720c25cd9ac25dd04ee02b69256d0ce35bf8a0f29e20577427355272230965a", size = 5906528 },
    { url = "https://files.pythonhosted.org/packages/39/2a/bf6ae4fef13755ca236d587d630b82207cfad43cf956870adead97fd1ef1/grpcio-1.68.1-cp313-cp313-musllinux_1_1_i686.whl", hash = "sha256:04cfd68bf4f38f5bb959ee2361a7546916bd9a50f78617a346b3aeb2b42e2161", size = 6634215 },
    { url = "https://files.pythonhosted.org/packages/5b/83/9c96a6adfbea5e8a9ed408410c0259942713be64173b8816c7bf6ac2d830/grpcio-1.68.1-cp313-cp313-musllinux_1_1_x86_64.whl", hash = "sha256:c28848761a6520c5c6071d2904a18d339a796ebe6b800adc8b3f474c5ce3c3ad", size = 6200750 },
    { url = "https://files.pythonhosted.org/packages/b4/3e/af42f87759c6301c4fed894b3dd801b13162ba1d8e2942412e788ac749eb/grpcio-1.68.1-cp313-cp313-win32.whl", hash = "sha256:77d65165fc35cff6e954e7fd4229e05ec76102d4406d4576528d3a3635fc6172", size = 3637594 },
    { url = "https://files.pythonhosted.org/packages/7e/d1/3bef33a3d5d26d4ea9284e1b464f481d6d21ed8ae1c3da381b05f62c701d/grpcio-1.68.1-cp313-cp313-win_amd64.whl", hash = "sha256:a8040f85dcb9830d8bbb033ae66d272614cec6faceee88d37a88a9bd1a7a704e", size = 4391184 },
    { url = "https://files.pythonhosted.org/packages/c7/44/8ad69230a2ecb248d0cb1e46c7b14a9e5625e61961f5118127e726c6dfa3/grpcio-1.68.1-cp39-cp39-linux_armv7l.whl", hash = "sha256:cb400138e73969eb5e0535d1d06cae6a6f7a15f2cc74add320e2130b8179211a", size = 5171490 },
    { url = "https://files.pythonhosted.org/packages/28/a8/21f4a3d13c4a940442aaa691dd4883768f2d8f5733ed52ac335b05b80a6a/grpcio-1.68.1-cp39-cp39-macosx_10_9_universal2.whl", hash = "sha256:a1b988b40f2fd9de5c820f3a701a43339d8dcf2cb2f1ca137e2c02671cc83ac1", size = 11144164 },
    { url = "https://files.pythonhosted.org/packages/20/e9/ad4a4ebbee59994717a8cd0d43810d7838e48ff879680cb512054464a731/grpcio-1.68.1-cp39-cp39-manylinux_2_17_aarch64.whl", hash = "sha256:96f473cdacfdd506008a5d7579c9f6a7ff245a9ade92c3c0265eb76cc591914f", size = 5688618 },
    { url = "https://files.pythonhosted.org/packages/63/a6/e9eea6ea8d51e9bcb3a1ceadf696d099ff9f822d92a4b872f4c7f42dc3f8/grpcio-1.68.1-cp39-cp39-manylinux_2_17_i686.manylinux2014_i686.whl", hash = "sha256:37ea3be171f3cf3e7b7e412a98b77685eba9d4fd67421f4a34686a63a65d99f9", size = 6317135 },
    { url = "https://files.pythonhosted.org/packages/f7/2f/44e2f3199565da84d58df5e26ec68577ba8c1f8a19b1c8413919f75df845/grpcio-1.68.1-cp39-cp39-manylinux_2_17_x86_64.manylinux2014_x86_64.whl", hash = "sha256:3ceb56c4285754e33bb3c2fa777d055e96e6932351a3082ce3559be47f8024f0", size = 5941760 },
    { url = "https://files.pythonhosted.org/packages/51/cf/f00e13b50db135dace2351fbdcefef74eeb847cdf1eef85ac0a8c06044f5/grpcio-1.68.1-cp39-cp39-musllinux_1_1_i686.whl", hash = "sha256:dffd29a2961f3263a16d73945b57cd44a8fd0b235740cb14056f0612329b345e", size = 6647728 },
    { url = "https://files.pythonhosted.org/packages/ee/a3/35d5b641d80696feee278166c5fea013fad65673dca6abf2245174beb179/grpcio-1.68.1-cp39-cp39-musllinux_1_1_x86_64.whl", hash = "sha256:025f790c056815b3bf53da850dd70ebb849fd755a4b1ac822cb65cd631e37d43", size = 6212372 },
    { url = "https://files.pythonhosted.org/packages/28/38/ec2c6dde7274fca6ecfc39cde8ae8b437871c9a90679f72704d7e4fae33f/grpcio-1.68.1-cp39-cp39-win32.whl", hash = "sha256:1098f03dedc3b9810810568060dea4ac0822b4062f537b0f53aa015269be0a76", size = 3649692 },
    { url = "https://files.pythonhosted.org/packages/58/fb/73d7686fd51955de6fe0d635404eca5a9efbee415f04c1c572b5becd010b/grpcio-1.68.1-cp39-cp39-win_amd64.whl", hash = "sha256:334ab917792904245a028f10e803fcd5b6f36a7b2173a820c0b5b076555825e1", size = 4398968 },
]

[[package]]
name = "jmespath"
version = "1.0.1"
source = { registry = "https://pypi.org/simple" }
sdist = { url = "https://files.pythonhosted.org/packages/00/2a/e867e8531cf3e36b41201936b7fa7ba7b5702dbef42922193f05c8976cd6/jmespath-1.0.1.tar.gz", hash = "sha256:90261b206d6defd58fdd5e85f478bf633a2901798906be2ad389150c5c60edbe", size = 25843 }
wheels = [
    { url = "https://files.pythonhosted.org/packages/31/b4/b9b800c45527aadd64d5b442f9b932b00648617eb5d63d2c7a6587b7cafc/jmespath-1.0.1-py3-none-any.whl", hash = "sha256:02e2e4cc71b5bcab88332eebf907519190dd9e6e82107fa7f83b1003a6252980", size = 20256 },
]

[[package]]
name = "mypy-boto3-dynamodb"
version = "1.35.74"
source = { registry = "https://pypi.org/simple" }
dependencies = [
    { name = "typing-extensions", marker = "python_full_version < '3.12'" },
]
sdist = { url = "https://files.pythonhosted.org/packages/22/51/a76012377e88b4ba1ebbc302e2bd7d51f6507c16b34efd0b7d8b29e12b0d/mypy_boto3_dynamodb-1.35.74.tar.gz", hash = "sha256:a815d044b8f5f4ba308ea3114916565fbd932fcaf218f8d0288b2840415f9c46", size = 46512 }
wheels = [
    { url = "https://files.pythonhosted.org/packages/54/14/94f86f0fa0b04a09380cc3f39a1b2f1b1f9719f043e6e992c01daddc7a67/mypy_boto3_dynamodb-1.35.74-py3-none-any.whl", hash = "sha256:b693b459abb1910cbb28f3a478ced8c6e6515f1bf136b45aca1a76b6146b5adb", size = 55408 },
]

[[package]]
name = "mysql-connector-python"
version = "9.1.0"
source = { registry = "https://pypi.org/simple" }
sdist = { url = "https://files.pythonhosted.org/packages/d7/c7/d7adba0a87d34c56ce2e8c35f9965df860a087a03e9651039f7916abd483/mysql-connector-python-9.1.0.tar.gz", hash = "sha256:346261a2aeb743a39cf66ba8bde5e45931d313b76ce0946a69a6d1187ec7d279", size = 307529 }
wheels = [
    { url = "https://files.pythonhosted.org/packages/89/15/7443b55cd9a1c8767927c2ae876792f27332eac6499ae1f80cdbef48374c/mysql_connector_python-9.1.0-cp310-cp310-macosx_13_0_arm64.whl", hash = "sha256:dcdcf380d07b9ca6f18a95e9516a6185f2ab31a53d290d5e698e77e59c043c9e", size = 15141195 },
    { url = "https://files.pythonhosted.org/packages/93/e6/83babb0ac562a9ce6e77d9c586b4be7f2a7c0eded68dc696adb9ba6b8271/mysql_connector_python-9.1.0-cp310-cp310-macosx_13_0_x86_64.whl", hash = "sha256:948ef0c7da87901176d4320e0f40a3277ee06fe6f58ce151c1e60d8d50fdeaf4", size = 15967062 },
    { url = "https://files.pythonhosted.org/packages/07/40/8b8fbd3456eda383bf97d978199063f9863385dd7d5ded17dd5f599c21cc/mysql_connector_python-9.1.0-cp310-cp310-manylinux_2_28_aarch64.whl", hash = "sha256:abf16fc1155ebeba5558e5702dd7210d634ac8da484eca05a640b68a548dc7cf", size = 34059455 },
    { url = "https://files.pythonhosted.org/packages/7f/9d/ba254f813732c3dbf28c86551fdb678d8540c8352259fe45a48b317c09d8/mysql_connector_python-9.1.0-cp310-cp310-manylinux_2_28_x86_64.whl", hash = "sha256:aceaab679b852c0a2ec0eed9eb2a490171b3493484f1881b605cbf2f9c5fde6d", size = 34403611 },
    { url = "https://files.pythonhosted.org/packages/1c/1b/363d43a8f6009a5242eb0baf2e4a0e76f7e5696a47e8e23e883bd9d9004d/mysql_connector_python-9.1.0-cp310-cp310-win_amd64.whl", hash = "sha256:72dcce5f2e4f5910d65f02eb318c1e4622464da007a3ae5e9ccd64169d8efac3", size = 16060123 },
    { url = "https://files.pythonhosted.org/packages/e2/a1/d3bfa896437f32d8fc114881f9ce49fd6bb3195c390557f260c7d4d56f9e/mysql_connector_python-9.1.0-cp311-cp311-macosx_13_0_arm64.whl", hash = "sha256:9b23a8e2acee91b5120febe00c53e7f472b9b6d49618e39fa1af86cdc1f0ade8", size = 15141174 },
    { url = "https://files.pythonhosted.org/packages/fc/30/aecd4f33a76d9a3f0f40bad5870dfd790bf596feb3ce3a337f7febe183b4/mysql_connector_python-9.1.0-cp311-cp311-macosx_13_0_x86_64.whl", hash = "sha256:e15153cb8ab5fcec00b99077de536489d22d4809fc28f633850398fef0560b1f", size = 15967071 },
    { url = "https://files.pythonhosted.org/packages/62/de/1ead6a3017196193cf56f95c7e47315769631c60441518afd5e5fb6c35d5/mysql_connector_python-9.1.0-cp311-cp311-manylinux_2_28_aarch64.whl", hash = "sha256:fec943d333851c4b5e57cd0b04dde36e6817f0d4d62b2a58ce028a82be444866", size = 34064551 },
    { url = "https://files.pythonhosted.org/packages/c6/f8/e1ac70ac448447a688187333432ae4129345d150f11ce84b4f7b26e866d1/mysql_connector_python-9.1.0-cp311-cp311-manylinux_2_28_x86_64.whl", hash = "sha256:c36a9b9ebf9587aaa5d7928468fefe8faf6fc993a03cb242bb160ede9cf75b2d", size = 34412027 },
    { url = "https://files.pythonhosted.org/packages/54/15/98d703a1101e0bfb106e4085f41f937ddca869d16746c076fb818b6f883d/mysql_connector_python-9.1.0-cp311-cp311-win_amd64.whl", hash = "sha256:7b2eb48518b8c2bc9636883d264b291e5c93824fc6b61823ca9cf396a09474ad", size = 16059302 },
    { url = "https://files.pythonhosted.org/packages/b0/76/4b28bf024ba99a05cba78745e231e24f6d2a9b63a1cfeba7c36a69cbd077/mysql_connector_python-9.1.0-cp312-cp312-macosx_13_0_arm64.whl", hash = "sha256:f67b22e3eaf5b03ffac97232d3dd67b56abcacad907ad4391c847bad5ba58f0e", size = 15141453 },
    { url = "https://files.pythonhosted.org/packages/58/38/0fb13631332a59509eb7725a87b90dfd811bf82d7257d34484346a87f937/mysql_connector_python-9.1.0-cp312-cp312-macosx_13_0_x86_64.whl", hash = "sha256:c75f674a52b8820c90d466183b2bb59f89bcf09d17ebe9b391313d89565c8896", size = 15967485 },
    { url = "https://files.pythonhosted.org/packages/d6/bf/3973681fc3714c8b4372903997ca50e9cce9eb489f0fdfce415be4cf70a5/mysql_connector_python-9.1.0-cp312-cp312-manylinux_2_28_aarch64.whl", hash = "sha256:e75ecb3df2c2cbe4d92d5dd58a318fa708edebc0fa2d850fc2a9d42481dbb808", size = 34065410 },
    { url = "https://files.pythonhosted.org/packages/61/a6/a322e8a7dd8daf6a2006828d4848d0b33fb627703635ee23b2278033c50b/mysql_connector_python-9.1.0-cp312-cp312-manylinux_2_28_x86_64.whl", hash = "sha256:7d99c0a841a2c2a0e4d5b28376c1bfac794ec3821b66eb6fa2f7702cec820ee8", size = 34412287 },
    { url = "https://files.pythonhosted.org/packages/4e/81/a4f21984691021749888aadc41f27b4c393884fa1d163c64979d408cf795/mysql_connector_python-9.1.0-cp312-cp312-win_amd64.whl", hash = "sha256:30a8f0ba84f8adf15a4877e80b3f97f786ce35616d918b9310578a2bd22952d5", size = 16059360 },
    { url = "https://files.pythonhosted.org/packages/39/e5/4f08a4a7f574f5700b3118c084085c6d977ba06941c8837e89e25dc1c5d3/mysql_connector_python-9.1.0-cp313-cp313-macosx_13_0_arm64.whl", hash = "sha256:d627ebafc0327b935d8783454e7a4b5c32324ed39a2a1589239490ab850bf7d7", size = 15141401 },
    { url = "https://files.pythonhosted.org/packages/c4/dc/b39956f85ba4fd89abfcce0dbb00e65cc22a193fa2e95c7816acee6009eb/mysql_connector_python-9.1.0-cp313-cp313-macosx_13_0_x86_64.whl", hash = "sha256:e26a08a9500407fa8f4a6504f7077d1312bec4fa52cb0a58c1ad324ca1f3eeaa", size = 15967428 },
    { url = "https://files.pythonhosted.org/packages/6c/f2/98ecd7fdca742deeda783b9ac3c5a7a57fd2e2fccbb920308eb2f2a962af/mysql_connector_python-9.1.0-cp313-cp313-manylinux_2_28_aarch64.whl", hash = "sha256:109e17a4ada1442e3881a51e2bbabcb336ad229a619ac61e9ad24bd6b9b117bd", size = 34065528 },
    { url = "https://files.pythonhosted.org/packages/93/db/4d1e501f5eeb4e43aed8b622139d2350cfa049aaf2f8c5662fe0ba446f04/mysql_connector_python-9.1.0-cp313-cp313-manylinux_2_28_x86_64.whl", hash = "sha256:4f102452c64332b7e042fa37b84d4f15332bd639e479d15035f2a005fb9fbb34", size = 34412450 },
    { url = "https://files.pythonhosted.org/packages/1e/fc/62adbf3495c0e6a7d0a7cdf9a9276651dd8f2f31fda98b8283172fae9736/mysql_connector_python-9.1.0-cp313-cp313-win_amd64.whl", hash = "sha256:25e261f3260ec798c48cb910862a299e565548a1b5421dec84315ddbc9ef28c4", size = 16059353 },
    { url = "https://files.pythonhosted.org/packages/e5/bd/547211901248d32092f3e1e7717dbdf8ea85fdb0a508adc9e010aad5e964/mysql_connector_python-9.1.0-cp39-cp39-macosx_13_0_arm64.whl", hash = "sha256:ec4386b2426bfb07f83455bf895d8a7e2d6c067343ac05be5511083ca2424991", size = 15141260 },
    { url = "https://files.pythonhosted.org/packages/18/d5/b740b641a174c5e815de97ecf5c16bf146e3aef89a42da1e9870d06e50ab/mysql_connector_python-9.1.0-cp39-cp39-macosx_13_0_x86_64.whl", hash = "sha256:28fd99ee464ac3b02d1e2a71a63ca4f25c6110e4414a46a5b64631e6d2096899", size = 15966866 },
    { url = "https://files.pythonhosted.org/packages/78/65/d4529011aeb35c26ad4a2921732bc791552e93db5320cafdc866f46f57b5/mysql_connector_python-9.1.0-cp39-cp39-manylinux_2_28_aarch64.whl", hash = "sha256:e2f0876e1efd76e05853cb0a623dba2746ee70686c043019d811737dd5c3d871", size = 34056423 },
    { url = "https://files.pythonhosted.org/packages/63/37/024485f8b32974302e829f1ba107f0fd289041031346c88366abbc0ff935/mysql_connector_python-9.1.0-cp39-cp39-manylinux_2_28_x86_64.whl", hash = "sha256:6d7d5d458d0d600bbbebd9f2bce551e386b359bcce6026f7369b57922d26f13a", size = 34401743 },
    { url = "https://files.pythonhosted.org/packages/31/ea/be95897e946fa1883af0ffab20542cbc9241b690f713fa21cb3bcb9e49b0/mysql_connector_python-9.1.0-cp39-cp39-win_amd64.whl", hash = "sha256:c350b1aaf257b1b778f44b8bfaeda07751f55e150f5a7464342f36e4aac8e805", size = 16060172 },
    { url = "https://files.pythonhosted.org/packages/ac/7e/5546cf19c8d0724e962e8be1a5d1e7491f634df550bf9da073fb6c2b93a1/mysql_connector_python-9.1.0-py2.py3-none-any.whl", hash = "sha256:dacf1aa84dc7dd8ae908626c3ae50fce956d0105130c7465fd248a4f035d50b1", size = 381081 },
]

[[package]]
name = "protobuf"
version = "5.29.1"
source = { registry = "https://pypi.org/simple" }
sdist = { url = "https://files.pythonhosted.org/packages/d2/4f/1639b7b1633d8fd55f216ba01e21bf2c43384ab25ef3ddb35d85a52033e8/protobuf-5.29.1.tar.gz", hash = "sha256:683be02ca21a6ffe80db6dd02c0b5b2892322c59ca57fd6c872d652cb80549cb", size = 424965 }
wheels = [
    { url = "https://files.pythonhosted.org/packages/50/c7/28669b04691a376cf7d0617d612f126aa0fff763d57df0142f9bf474c5b8/protobuf-5.29.1-cp310-abi3-win32.whl", hash = "sha256:22c1f539024241ee545cbcb00ee160ad1877975690b16656ff87dde107b5f110", size = 422706 },
    { url = "https://files.pythonhosted.org/packages/e3/33/dc7a7712f457456b7e0b16420ab8ba1cc8686751d3f28392eb43d0029ab9/protobuf-5.29.1-cp310-abi3-win_amd64.whl", hash = "sha256:1fc55267f086dd4050d18ef839d7bd69300d0d08c2a53ca7df3920cc271a3c34", size = 434505 },
    { url = "https://files.pythonhosted.org/packages/e5/39/44239fb1c6ec557e1731d996a5de89a9eb1ada7a92491fcf9c5d714052ed/protobuf-5.29.1-cp38-abi3-macosx_10_9_universal2.whl", hash = "sha256:d473655e29c0c4bbf8b69e9a8fb54645bc289dead6d753b952e7aa660254ae18", size = 417822 },
    { url = "https://files.pythonhosted.org/packages/fb/4a/ec56f101d38d4bef2959a9750209809242d86cf8b897db00f2f98bfa360e/protobuf-5.29.1-cp38-abi3-manylinux2014_aarch64.whl", hash = "sha256:b5ba1d0e4c8a40ae0496d0e2ecfdbb82e1776928a205106d14ad6985a09ec155", size = 319572 },
    { url = "https://files.pythonhosted.org/packages/04/52/c97c58a33b3d6c89a8138788576d372a90a6556f354799971c6b4d16d871/protobuf-5.29.1-cp38-abi3-manylinux2014_x86_64.whl", hash = "sha256:8ee1461b3af56145aca2800e6a3e2f928108c749ba8feccc6f5dd0062c410c0d", size = 319671 },
    { url = "https://files.pythonhosted.org/packages/99/19/5a3957e08de18578131810563ccfeebc7d2aad31ee52e367a61f56cc3cab/protobuf-5.29.1-cp39-cp39-win32.whl", hash = "sha256:5a41deccfa5e745cef5c65a560c76ec0ed8e70908a67cc8f4da5fce588b50d57", size = 422671 },
    { url = "https://files.pythonhosted.org/packages/24/67/8bc07bb755c8badf08db4a8bc2eb542a4e733135a6d584d1922b701d7751/protobuf-5.29.1-cp39-cp39-win_amd64.whl", hash = "sha256:012ce28d862ff417fd629285aca5d9772807f15ceb1a0dbd15b88f58c776c98c", size = 434591 },
    { url = "https://files.pythonhosted.org/packages/3b/24/c8c49df8f6587719e1d400109b16c10c6902d0c9adddc8fff82840146f99/protobuf-5.29.1-py3-none-any.whl", hash = "sha256:32600ddb9c2a53dedc25b8581ea0f1fd8ea04956373c0c07577ce58d312522e0", size = 172547 },
]

[[package]]
name = "psycopg"
version = "3.2.3"
source = { registry = "https://pypi.org/simple" }
dependencies = [
    { name = "typing-extensions", marker = "python_full_version < '3.13'" },
    { name = "tzdata", marker = "sys_platform == 'win32'" },
]
sdist = { url = "https://files.pythonhosted.org/packages/d1/ad/7ce016ae63e231575df0498d2395d15f005f05e32d3a2d439038e1bd0851/psycopg-3.2.3.tar.gz", hash = "sha256:a5764f67c27bec8bfac85764d23c534af2c27b893550377e37ce59c12aac47a2", size = 155550 }
wheels = [
    { url = "https://files.pythonhosted.org/packages/ce/21/534b8f5bd9734b7a2fcd3a16b1ee82ef6cad81a4796e95ebf4e0c6a24119/psycopg-3.2.3-py3-none-any.whl", hash = "sha256:644d3973fe26908c73d4be746074f6e5224b03c1101d302d9a53bf565ad64907", size = 197934 },
]

[package.optional-dependencies]
c = [
    { name = "psycopg-c", marker = "implementation_name != 'pypy'" },
]

[[package]]
name = "psycopg-c"
version = "3.2.3"
source = { registry = "https://pypi.org/simple" }
sdist = { url = "https://files.pythonhosted.org/packages/53/ba/74caf4eab78d95a173e65cb81507a589365aeafb1d9c84f374002b51dc53/psycopg_c-3.2.3.tar.gz", hash = "sha256:06ae7db8eaec1a3845960fa7f997f4ccdb1a7a7ab8dc593a680bcc74e1359671", size = 598888 }

[[package]]
name = "python-dateutil"
version = "2.9.0.post0"
source = { registry = "https://pypi.org/simple" }
dependencies = [
    { name = "six" },
]
sdist = { url = "https://files.pythonhosted.org/packages/66/c0/0c8b6ad9f17a802ee498c46e004a0eb49bc148f2fd230864601a86dcf6db/python-dateutil-2.9.0.post0.tar.gz", hash = "sha256:37dd54208da7e1cd875388217d5e00ebd4179249f90fb72437e91a35459a0ad3", size = 342432 }
wheels = [
    { url = "https://files.pythonhosted.org/packages/ec/57/56b9bcc3c9c6a792fcbaf139543cee77261f3651ca9da0c93f5c1221264b/python_dateutil-2.9.0.post0-py2.py3-none-any.whl", hash = "sha256:a8b2bc7bffae282281c8140a97d3aa9c14da0b136dfe83f850eea9a5f7470427", size = 229892 },
]

[[package]]
name = "redis"
version = "5.2.1"
source = { registry = "https://pypi.org/simple" }
dependencies = [
    { name = "async-timeout", marker = "python_full_version < '3.11.3'" },
]
sdist = { url = "https://files.pythonhosted.org/packages/47/da/d283a37303a995cd36f8b92db85135153dc4f7a8e4441aa827721b442cfb/redis-5.2.1.tar.gz", hash = "sha256:16f2e22dff21d5125e8481515e386711a34cbec50f0e44413dd7d9c060a54e0f", size = 4608355 }
wheels = [
    { url = "https://files.pythonhosted.org/packages/3c/5f/fa26b9b2672cbe30e07d9a5bdf39cf16e3b80b42916757c5f92bca88e4ba/redis-5.2.1-py3-none-any.whl", hash = "sha256:ee7e1056b9aea0f04c6c2ed59452947f34c4940ee025f5dd83e6a6418b6989e4", size = 261502 },
]

[[package]]
name = "s3transfer"
version = "0.10.4"
source = { registry = "https://pypi.org/simple" }
dependencies = [
    { name = "botocore" },
]
sdist = { url = "https://files.pythonhosted.org/packages/c0/0a/1cdbabf9edd0ea7747efdf6c9ab4e7061b085aa7f9bfc36bb1601563b069/s3transfer-0.10.4.tar.gz", hash = "sha256:29edc09801743c21eb5ecbc617a152df41d3c287f67b615f73e5f750583666a7", size = 145287 }
wheels = [
    { url = "https://files.pythonhosted.org/packages/66/05/7957af15543b8c9799209506df4660cba7afc4cf94bfb60513827e96bed6/s3transfer-0.10.4-py3-none-any.whl", hash = "sha256:244a76a24355363a68164241438de1b72f8781664920260c48465896b712a41e", size = 83175 },
]

[[package]]
name = "six"
version = "1.17.0"
source = { registry = "https://pypi.org/simple" }
sdist = { url = "https://files.pythonhosted.org/packages/94/e7/b2c673351809dca68a0e064b6af791aa332cf192da575fd474ed7d6f16a2/six-1.17.0.tar.gz", hash = "sha256:ff70335d468e7eb6ec65b95b99d3a2836546063f63acc5171de367e834932a81", size = 34031 }
wheels = [
    { url = "https://files.pythonhosted.org/packages/b7/ce/149a00dd41f10bc29e5921b496af8b574d8413afcd5e30dfa0ed46c2cc5e/six-1.17.0-py2.py3-none-any.whl", hash = "sha256:4721f391ed90541fddacab5acf947aa0d3dc7d27b2e1e8eda2be8970586c3274", size = 11050 },
]

[[package]]
name = "stormlock"
version = "0.4.1"
source = { editable = "." }

[package.optional-dependencies]
dynamodb = [
    { name = "boto3" },
]
etcd = [
    { name = "grpcio" },
    { name = "protobuf" },
]
mysql = [
    { name = "mysql-connector-python" },
]
postgresql = [
    { name = "psycopg", extra = ["c"] },
]
redis = [
    { name = "redis" },
]

[package.dev-dependencies]
dev = [
    { name = "boto3-stubs", extra = ["dynamodb"] },
    { name = "grpc-stubs" },
    { name = "types-protobuf" },
]

[package.metadata]
requires-dist = [
    { name = "boto3", marker = "extra == 'dynamodb'", specifier = "~=1.26" },
    { name = "grpcio", marker = "extra == 'etcd'", specifier = "~=1.67" },
    { name = "mysql-connector-python", marker = "extra == 'mysql'", specifier = "~=9.1" },
    { name = "protobuf", marker = "extra == 'etcd'", specifier = "~=5.28" },
    { name = "psycopg", extras = ["c"], marker = "extra == 'postgresql'", specifier = "~=3.1" },
    { name = "redis", marker = "extra == 'redis'", specifier = "~=5.0" },
]

[package.metadata.requires-dev]
dev = [
    { name = "boto3-stubs", extras = ["dynamodb"], specifier = "~=1.26" },
    { name = "grpc-stubs", specifier = "~=1.53" },
    { name = "types-protobuf", specifier = "~=5.28" },
]

[[package]]
name = "types-awscrt"
version = "0.23.3"
source = { registry = "https://pypi.org/simple" }
sdist = { url = "https://files.pythonhosted.org/packages/d3/44/9dcd9138f4539ec36634ce5c77194f72a9fedec850f895e3d1526b9d98fc/types_awscrt-0.23.3.tar.gz", hash = "sha256:043c0ae0fe5d272618294cbeaf1c349a654a9f7c00121be64d27486933ac4a26", size = 15133 }
wheels = [
    { url = "https://files.pythonhosted.org/packages/9f/4e/5b08631d6174c221bc89bb013ab39e5e9a3e24cd42568048579d00f6da7d/types_awscrt-0.23.3-py3-none-any.whl", hash = "sha256:cc0057885cb7ce1e66856123a4c2861b051e9f0716b1767ad72bfe4ca26bbcd4", size = 19016 },
]

[[package]]
name = "types-protobuf"
version = "5.29.1.20241207"
source = { registry = "https://pypi.org/simple" }
sdist = { url = "https://files.pythonhosted.org/packages/70/89/b661a447139f665ccea8e39bfdd52a92f803df4b5de0e6001a3537feaacb/types_protobuf-5.29.1.20241207.tar.gz", hash = "sha256:2ebcadb8ab3ef2e3e2f067e0882906d64ba0dc65fc5b0fd7a8b692315b4a0be9", size = 59190 }
wheels = [
    { url = "https://files.pythonhosted.org/packages/7e/6e/cdf152187019d6f6d04066b23e48659d961b527e9c6d43b48459d160e332/types_protobuf-5.29.1.20241207-py3-none-any.whl", hash = "sha256:92893c42083e9b718c678badc0af7a9a1307b92afe1599e5cba5f3d35b668b2f", size = 73902 },
]

[[package]]
name = "types-s3transfer"
version = "0.10.4"
source = { registry = "https://pypi.org/simple" }
sdist = { url = "https://files.pythonhosted.org/packages/dd/8f/5cf8bea1470f9d0af8a8a8e232bc9d94eb2b8c040f1c19e673fcd3ba488c/types_s3transfer-0.10.4.tar.gz", hash = "sha256:03123477e3064c81efe712bf9d372c7c72f2790711431f9baa59cf96ea607267", size = 13791 }
wheels = [
    { url = "https://files.pythonhosted.org/packages/73/de/38872bc9414018e223a4c7193bc2f7ed5ef8ab7a01ab3bb8d7de4f3c2720/types_s3transfer-0.10.4-py3-none-any.whl", hash = "sha256:22ac1aabc98f9d7f2928eb3fb4d5c02bf7435687f0913345a97dd3b84d0c217d", size = 18744 },
]

[[package]]
name = "typing-extensions"
version = "4.12.2"
source = { registry = "https://pypi.org/simple" }
sdist = { url = "https://files.pythonhosted.org/packages/df/db/f35a00659bc03fec321ba8bce9420de607a1d37f8342eee1863174c69557/typing_extensions-4.12.2.tar.gz", hash = "sha256:1a7ead55c7e559dd4dee8856e3a88b41225abfe1ce8df57b7c13915fe121ffb8", size = 85321 }
wheels = [
    { url = "https://files.pythonhosted.org/packages/26/9f/ad63fc0248c5379346306f8668cda6e2e2e9c95e01216d2b8ffd9ff037d0/typing_extensions-4.12.2-py3-none-any.whl", hash = "sha256:04e5ca0351e0f3f85c6853954072df659d0d13fac324d0072316b67d7794700d", size = 37438 },
]

[[package]]
name = "tzdata"
version = "2024.2"
source = { registry = "https://pypi.org/simple" }
sdist = { url = "https://files.pythonhosted.org/packages/e1/34/943888654477a574a86a98e9896bae89c7aa15078ec29f490fef2f1e5384/tzdata-2024.2.tar.gz", hash = "sha256:7d85cc416e9382e69095b7bdf4afd9e3880418a2413feec7069d533d6b4e31cc", size = 193282 }
wheels = [
    { url = "https://files.pythonhosted.org/packages/a6/ab/7e5f53c3b9d14972843a647d8d7a853969a58aecc7559cb3267302c94774/tzdata-2024.2-py2.py3-none-any.whl", hash = "sha256:a48093786cdcde33cad18c2555e8532f34422074448fbc874186f0abd79565cd", size = 346586 },
]

[[package]]
name = "urllib3"
version = "1.26.20"
source = { registry = "https://pypi.org/simple" }
sdist = { url = "https://files.pythonhosted.org/packages/e4/e8/6ff5e6bc22095cfc59b6ea711b687e2b7ed4bdb373f7eeec370a97d7392f/urllib3-1.26.20.tar.gz", hash = "sha256:40c2dc0c681e47eb8f90e7e27bf6ff7df2e677421fd46756da1161c39ca70d32", size = 307380 }
wheels = [
    { url = "https://files.pythonhosted.org/packages/33/cf/8435d5a7159e2a9c83a95896ed596f68cf798005fe107cc655b5c5c14704/urllib3-1.26.20-py2.py3-none-any.whl", hash = "sha256:0ed14ccfbf1c30a9072c7ca157e4319b70d65f623e91e7b32fadb2853431016e", size = 144225 },
]
